// !$*UTF8*$!
{
	archiveVersion = 1;
	classes = {
	};
	objectVersion = 48;
	objects = {

/* Begin PBXBuildFile section */
		5B001F021F97510F0055870A /* Localizable.strings in Resources */ = {isa = PBXBuildFile; fileRef = 5B001F001F97510F0055870A /* Localizable.strings */; };
		5B001F061F9758150055870A /* AddFlightRecordViewController.swift in Sources */ = {isa = PBXBuildFile; fileRef = 5B001F051F9758150055870A /* AddFlightRecordViewController.swift */; };
		5B001F081F975E710055870A /* AddFlightViewModel.swift in Sources */ = {isa = PBXBuildFile; fileRef = 5B001F071F975E710055870A /* AddFlightViewModel.swift */; };
		5B189CBD1F8F5368000B25FB /* RecordsTableViewController.swift in Sources */ = {isa = PBXBuildFile; fileRef = 5B189CBC1F8F5368000B25FB /* RecordsTableViewController.swift */; };
		5B189CBF1F8F53D4000B25FB /* RecordsViewModel.swift in Sources */ = {isa = PBXBuildFile; fileRef = 5B189CBE1F8F53D4000B25FB /* RecordsViewModel.swift */; };
		5B189CC11F8F53EF000B25FB /* Record.swift in Sources */ = {isa = PBXBuildFile; fileRef = 5B189CC01F8F53EF000B25FB /* Record.swift */; };
		5B189CC61F8F54E0000B25FB /* RecordCell.swift in Sources */ = {isa = PBXBuildFile; fileRef = 5B189CC51F8F54E0000B25FB /* RecordCell.swift */; };
		5B189CC81F8F54F3000B25FB /* RecordViewModel.swift in Sources */ = {isa = PBXBuildFile; fileRef = 5B189CC71F8F54F3000B25FB /* RecordViewModel.swift */; };
		5B189CCA1F8F5BB4000B25FB /* Plane.swift in Sources */ = {isa = PBXBuildFile; fileRef = 5B189CC91F8F5BB4000B25FB /* Plane.swift */; };
		5B189CCD1F8F678E000B25FB /* RealmHandler.swift in Sources */ = {isa = PBXBuildFile; fileRef = 5B189CCC1F8F678E000B25FB /* RealmHandler.swift */; };
		5B189CCF1F909FBB000B25FB /* RecordViewModelTests.swift in Sources */ = {isa = PBXBuildFile; fileRef = 5B189CCE1F909FBB000B25FB /* RecordViewModelTests.swift */; };
		5B44B3F41F989D07004B1E65 /* AddFlightRecordViewModelTests.swift in Sources */ = {isa = PBXBuildFile; fileRef = 5B44B3F31F989D07004B1E65 /* AddFlightRecordViewModelTests.swift */; };
		5B44B3F61F98A79C004B1E65 /* DateConvertor.swift in Sources */ = {isa = PBXBuildFile; fileRef = 5B44B3F51F98A79C004B1E65 /* DateConvertor.swift */; };
		5B44B3F81F98A966004B1E65 /* Extension.swift in Sources */ = {isa = PBXBuildFile; fileRef = 5B44B3F71F98A966004B1E65 /* Extension.swift */; };
		5B7309561F8015F70026152E /* AppDelegate.swift in Sources */ = {isa = PBXBuildFile; fileRef = 5B7309551F8015F70026152E /* AppDelegate.swift */; };
		5B73095B1F8015F70026152E /* Main.storyboard in Resources */ = {isa = PBXBuildFile; fileRef = 5B7309591F8015F70026152E /* Main.storyboard */; };
		5B73095D1F8015F70026152E /* Assets.xcassets in Resources */ = {isa = PBXBuildFile; fileRef = 5B73095C1F8015F70026152E /* Assets.xcassets */; };
		5B7309601F8015F70026152E /* LaunchScreen.storyboard in Resources */ = {isa = PBXBuildFile; fileRef = 5B73095E1F8015F70026152E /* LaunchScreen.storyboard */; };
		5B73096B1F8015F70026152E /* FlightRecordsTests.swift in Sources */ = {isa = PBXBuildFile; fileRef = 5B73096A1F8015F70026152E /* FlightRecordsTests.swift */; };
		5B73097A1F80219A0026152E /* ReactiveCocoa.framework in Frameworks */ = {isa = PBXBuildFile; fileRef = 5B7309771F80219A0026152E /* ReactiveCocoa.framework */; };
		5B73097B1F80219A0026152E /* Result.framework in Frameworks */ = {isa = PBXBuildFile; fileRef = 5B7309781F80219A0026152E /* Result.framework */; };
		5B73097C1F80219B0026152E /* ReactiveSwift.framework in Frameworks */ = {isa = PBXBuildFile; fileRef = 5B7309791F80219A0026152E /* ReactiveSwift.framework */; };
		5B7309801F8023100026152E /* Realm.framework in Frameworks */ = {isa = PBXBuildFile; fileRef = 5B73097E1F80230F0026152E /* Realm.framework */; };
		5B7309811F8023100026152E /* Realm.framework in Embed Frameworks */ = {isa = PBXBuildFile; fileRef = 5B73097E1F80230F0026152E /* Realm.framework */; settings = {ATTRIBUTES = (CodeSignOnCopy, RemoveHeadersOnCopy, ); }; };
		5B7309821F8023100026152E /* RealmSwift.framework in Frameworks */ = {isa = PBXBuildFile; fileRef = 5B73097F1F8023100026152E /* RealmSwift.framework */; };
		5B7309831F8023100026152E /* RealmSwift.framework in Embed Frameworks */ = {isa = PBXBuildFile; fileRef = 5B73097F1F8023100026152E /* RealmSwift.framework */; settings = {ATTRIBUTES = (CodeSignOnCopy, RemoveHeadersOnCopy, ); }; };
		5B9A17C61F90BA1E003589B5 /* RecordsViewModelTests.swift in Sources */ = {isa = PBXBuildFile; fileRef = 5B9A17C51F90BA1E003589B5 /* RecordsViewModelTests.swift */; };
		5B9A17D31F90F075003589B5 /* ReactiveCocoa.framework in Frameworks */ = {isa = PBXBuildFile; fileRef = 5B7309771F80219A0026152E /* ReactiveCocoa.framework */; };
		5B9A17D41F90F075003589B5 /* ReactiveSwift.framework in Frameworks */ = {isa = PBXBuildFile; fileRef = 5B7309791F80219A0026152E /* ReactiveSwift.framework */; };
		5B9A17D51F90F075003589B5 /* Result.framework in Frameworks */ = {isa = PBXBuildFile; fileRef = 5B7309781F80219A0026152E /* Result.framework */; };
		5B9A17D71F9234AC003589B5 /* TestCaseBase.swift in Sources */ = {isa = PBXBuildFile; fileRef = 5B9A17D61F9234AC003589B5 /* TestCaseBase.swift */; };
		5B9A17D91F924AC1003589B5 /* RecordsTableViewControllerTests.swift in Sources */ = {isa = PBXBuildFile; fileRef = 5B9A17D81F924AC1003589B5 /* RecordsTableViewControllerTests.swift */; };
		5BCF69031FA9C89700F19577 /* NoteViewController.swift in Sources */ = {isa = PBXBuildFile; fileRef = 5BCF69021FA9C89700F19577 /* NoteViewController.swift */; };
		5BCF69051FA9D01E00F19577 /* NoteViewModel.swift in Sources */ = {isa = PBXBuildFile; fileRef = 5BCF69041FA9D01E00F19577 /* NoteViewModel.swift */; };
		5BECAE041F98BEE600A3EA49 /* addFlightRecord.storyboard in Resources */ = {isa = PBXBuildFile; fileRef = 5BECAE021F98BEE600A3EA49 /* addFlightRecord.storyboard */; };
/* End PBXBuildFile section */

/* Begin PBXContainerItemProxy section */
		5B7309671F8015F70026152E /* PBXContainerItemProxy */ = {
			isa = PBXContainerItemProxy;
			containerPortal = 5B73094A1F8015F70026152E /* Project object */;
			proxyType = 1;
			remoteGlobalIDString = 5B7309511F8015F70026152E;
			remoteInfo = FlightRecords;
		};
/* End PBXContainerItemProxy section */

/* Begin PBXCopyFilesBuildPhase section */
		5B7309841F8023100026152E /* Embed Frameworks */ = {
			isa = PBXCopyFilesBuildPhase;
			buildActionMask = 2147483647;
			dstPath = "";
			dstSubfolderSpec = 10;
			files = (
				5B7309831F8023100026152E /* RealmSwift.framework in Embed Frameworks */,
				5B7309811F8023100026152E /* Realm.framework in Embed Frameworks */,
			);
			name = "Embed Frameworks";
			runOnlyForDeploymentPostprocessing = 0;
		};
/* End PBXCopyFilesBuildPhase section */

/* Begin PBXFileReference section */
		5B001EFA1F9749AB0055870A /* cs */ = {isa = PBXFileReference; lastKnownFileType = text.plist.strings; name = cs; path = cs.lproj/LaunchScreen.strings; sourceTree = "<group>"; };
		5B001F011F97510F0055870A /* Base */ = {isa = PBXFileReference; lastKnownFileType = text.plist.strings; name = Base; path = Base.lproj/Localizable.strings; sourceTree = "<group>"; };
		5B001F031F9751160055870A /* cs */ = {isa = PBXFileReference; lastKnownFileType = text.plist.strings; name = cs; path = cs.lproj/Localizable.strings; sourceTree = "<group>"; };
		5B001F051F9758150055870A /* AddFlightRecordViewController.swift */ = {isa = PBXFileReference; lastKnownFileType = sourcecode.swift; path = AddFlightRecordViewController.swift; sourceTree = "<group>"; };
		5B001F071F975E710055870A /* AddFlightViewModel.swift */ = {isa = PBXFileReference; lastKnownFileType = sourcecode.swift; path = AddFlightViewModel.swift; sourceTree = "<group>"; };
		5B001F0D1F9768A40055870A /* cs */ = {isa = PBXFileReference; lastKnownFileType = text.plist.strings; name = cs; path = cs.lproj/Main.strings; sourceTree = "<group>"; };
		5B189CBC1F8F5368000B25FB /* RecordsTableViewController.swift */ = {isa = PBXFileReference; lastKnownFileType = sourcecode.swift; path = RecordsTableViewController.swift; sourceTree = "<group>"; };
		5B189CBE1F8F53D4000B25FB /* RecordsViewModel.swift */ = {isa = PBXFileReference; lastKnownFileType = sourcecode.swift; path = RecordsViewModel.swift; sourceTree = "<group>"; };
		5B189CC01F8F53EF000B25FB /* Record.swift */ = {isa = PBXFileReference; lastKnownFileType = sourcecode.swift; path = Record.swift; sourceTree = "<group>"; };
		5B189CC51F8F54E0000B25FB /* RecordCell.swift */ = {isa = PBXFileReference; lastKnownFileType = sourcecode.swift; path = RecordCell.swift; sourceTree = "<group>"; };
		5B189CC71F8F54F3000B25FB /* RecordViewModel.swift */ = {isa = PBXFileReference; lastKnownFileType = sourcecode.swift; path = RecordViewModel.swift; sourceTree = "<group>"; };
		5B189CC91F8F5BB4000B25FB /* Plane.swift */ = {isa = PBXFileReference; lastKnownFileType = sourcecode.swift; path = Plane.swift; sourceTree = "<group>"; };
		5B189CCB1F8F66D5000B25FB /* FlightRecords.entitlements */ = {isa = PBXFileReference; lastKnownFileType = text.plist.entitlements; path = FlightRecords.entitlements; sourceTree = "<group>"; };
		5B189CCC1F8F678E000B25FB /* RealmHandler.swift */ = {isa = PBXFileReference; lastKnownFileType = sourcecode.swift; path = RealmHandler.swift; sourceTree = "<group>"; };
		5B189CCE1F909FBB000B25FB /* RecordViewModelTests.swift */ = {isa = PBXFileReference; lastKnownFileType = sourcecode.swift; path = RecordViewModelTests.swift; sourceTree = "<group>"; };
		5B44B3F31F989D07004B1E65 /* AddFlightRecordViewModelTests.swift */ = {isa = PBXFileReference; lastKnownFileType = sourcecode.swift; path = AddFlightRecordViewModelTests.swift; sourceTree = "<group>"; };
		5B44B3F51F98A79C004B1E65 /* DateConvertor.swift */ = {isa = PBXFileReference; lastKnownFileType = sourcecode.swift; path = DateConvertor.swift; sourceTree = "<group>"; };
		5B44B3F71F98A966004B1E65 /* Extension.swift */ = {isa = PBXFileReference; lastKnownFileType = sourcecode.swift; path = Extension.swift; sourceTree = "<group>"; };
		5B7309521F8015F70026152E /* FlightRecords.app */ = {isa = PBXFileReference; explicitFileType = wrapper.application; includeInIndex = 0; path = FlightRecords.app; sourceTree = BUILT_PRODUCTS_DIR; };
		5B7309551F8015F70026152E /* AppDelegate.swift */ = {isa = PBXFileReference; lastKnownFileType = sourcecode.swift; path = AppDelegate.swift; sourceTree = "<group>"; };
		5B73095A1F8015F70026152E /* Base */ = {isa = PBXFileReference; lastKnownFileType = file.storyboard; name = Base; path = Base.lproj/Main.storyboard; sourceTree = "<group>"; };
		5B73095C1F8015F70026152E /* Assets.xcassets */ = {isa = PBXFileReference; lastKnownFileType = folder.assetcatalog; path = Assets.xcassets; sourceTree = "<group>"; };
		5B73095F1F8015F70026152E /* Base */ = {isa = PBXFileReference; lastKnownFileType = file.storyboard; name = Base; path = Base.lproj/LaunchScreen.storyboard; sourceTree = "<group>"; };
		5B7309611F8015F70026152E /* Info.plist */ = {isa = PBXFileReference; lastKnownFileType = text.plist.xml; path = Info.plist; sourceTree = "<group>"; };
		5B7309661F8015F70026152E /* FlightRecordsTests.xctest */ = {isa = PBXFileReference; explicitFileType = wrapper.cfbundle; includeInIndex = 0; path = FlightRecordsTests.xctest; sourceTree = BUILT_PRODUCTS_DIR; };
		5B73096A1F8015F70026152E /* FlightRecordsTests.swift */ = {isa = PBXFileReference; lastKnownFileType = sourcecode.swift; path = FlightRecordsTests.swift; sourceTree = "<group>"; };
		5B73096C1F8015F70026152E /* Info.plist */ = {isa = PBXFileReference; lastKnownFileType = text.plist.xml; path = Info.plist; sourceTree = "<group>"; };
		5B7309771F80219A0026152E /* ReactiveCocoa.framework */ = {isa = PBXFileReference; lastKnownFileType = wrapper.framework; name = ReactiveCocoa.framework; path = Carthage/Build/iOS/ReactiveCocoa.framework; sourceTree = "<group>"; };
		5B7309781F80219A0026152E /* Result.framework */ = {isa = PBXFileReference; lastKnownFileType = wrapper.framework; name = Result.framework; path = Carthage/Build/iOS/Result.framework; sourceTree = "<group>"; };
		5B7309791F80219A0026152E /* ReactiveSwift.framework */ = {isa = PBXFileReference; lastKnownFileType = wrapper.framework; name = ReactiveSwift.framework; path = Carthage/Build/iOS/ReactiveSwift.framework; sourceTree = "<group>"; };
		5B73097E1F80230F0026152E /* Realm.framework */ = {isa = PBXFileReference; lastKnownFileType = wrapper.framework; name = Realm.framework; path = Realm/Realm.framework; sourceTree = "<group>"; };
		5B73097F1F8023100026152E /* RealmSwift.framework */ = {isa = PBXFileReference; lastKnownFileType = wrapper.framework; name = RealmSwift.framework; path = Realm/RealmSwift.framework; sourceTree = "<group>"; };
		5B9A17C51F90BA1E003589B5 /* RecordsViewModelTests.swift */ = {isa = PBXFileReference; lastKnownFileType = sourcecode.swift; path = RecordsViewModelTests.swift; sourceTree = "<group>"; };
		5B9A17D61F9234AC003589B5 /* TestCaseBase.swift */ = {isa = PBXFileReference; lastKnownFileType = sourcecode.swift; path = TestCaseBase.swift; sourceTree = "<group>"; };
		5B9A17D81F924AC1003589B5 /* RecordsTableViewControllerTests.swift */ = {isa = PBXFileReference; lastKnownFileType = sourcecode.swift; path = RecordsTableViewControllerTests.swift; sourceTree = "<group>"; };
		5BCF69021FA9C89700F19577 /* NoteViewController.swift */ = {isa = PBXFileReference; lastKnownFileType = sourcecode.swift; path = NoteViewController.swift; sourceTree = "<group>"; };
		5BCF69041FA9D01E00F19577 /* NoteViewModel.swift */ = {isa = PBXFileReference; lastKnownFileType = sourcecode.swift; path = NoteViewModel.swift; sourceTree = "<group>"; };
		5BECAE031F98BEE600A3EA49 /* Base */ = {isa = PBXFileReference; lastKnownFileType = file.storyboard; name = Base; path = FlightRecords/Storyboards/Base.lproj/addFlightRecord.storyboard; sourceTree = "<group>"; };
		5BECAE061F98BF5800A3EA49 /* cs */ = {isa = PBXFileReference; lastKnownFileType = text.plist.strings; name = cs; path = FlightRecords/Storyboards/cs.lproj/addFlightRecord.strings; sourceTree = "<group>"; };
/* End PBXFileReference section */

/* Begin PBXFrameworksBuildPhase section */
		5B73094F1F8015F70026152E /* Frameworks */ = {
			isa = PBXFrameworksBuildPhase;
			buildActionMask = 2147483647;
			files = (
				5B7309801F8023100026152E /* Realm.framework in Frameworks */,
				5B7309821F8023100026152E /* RealmSwift.framework in Frameworks */,
				5B73097A1F80219A0026152E /* ReactiveCocoa.framework in Frameworks */,
				5B73097B1F80219A0026152E /* Result.framework in Frameworks */,
				5B73097C1F80219B0026152E /* ReactiveSwift.framework in Frameworks */,
			);
			runOnlyForDeploymentPostprocessing = 0;
		};
		5B7309631F8015F70026152E /* Frameworks */ = {
			isa = PBXFrameworksBuildPhase;
			buildActionMask = 2147483647;
			files = (
				5B9A17D31F90F075003589B5 /* ReactiveCocoa.framework in Frameworks */,
				5B9A17D41F90F075003589B5 /* ReactiveSwift.framework in Frameworks */,
				5B9A17D51F90F075003589B5 /* Result.framework in Frameworks */,
			);
			runOnlyForDeploymentPostprocessing = 0;
		};
/* End PBXFrameworksBuildPhase section */

/* Begin PBXGroup section */
		5B001F041F9751240055870A /* Translations */ = {
			isa = PBXGroup;
			children = (
				5B001F001F97510F0055870A /* Localizable.strings */,
			);
			path = Translations;
			sourceTree = "<group>";
		};
		5B001F091F97609A0055870A /* Extension */ = {
			isa = PBXGroup;
			children = (
				5B44B3F71F98A966004B1E65 /* Extension.swift */,
			);
			path = Extension;
			sourceTree = "<group>";
		};
		5B189CC21F8F5491000B25FB /* Model */ = {
			isa = PBXGroup;
			children = (
				5B189CC01F8F53EF000B25FB /* Record.swift */,
				5B189CC91F8F5BB4000B25FB /* Plane.swift */,
				5B44B3F51F98A79C004B1E65 /* DateConvertor.swift */,
			);
			path = Model;
			sourceTree = "<group>";
		};
		5B189CC31F8F549D000B25FB /* ViewModel */ = {
			isa = PBXGroup;
			children = (
				5B189CBE1F8F53D4000B25FB /* RecordsViewModel.swift */,
				5B189CC71F8F54F3000B25FB /* RecordViewModel.swift */,
				5B189CCC1F8F678E000B25FB /* RealmHandler.swift */,
				5B001F071F975E710055870A /* AddFlightViewModel.swift */,
				5BCF69041FA9D01E00F19577 /* NoteViewModel.swift */,
			);
			path = ViewModel;
			sourceTree = "<group>";
		};
		5B189CC41F8F54A4000B25FB /* View */ = {
			isa = PBXGroup;
			children = (
				5B189CBC1F8F5368000B25FB /* RecordsTableViewController.swift */,
				5B189CC51F8F54E0000B25FB /* RecordCell.swift */,
				5B001F051F9758150055870A /* AddFlightRecordViewController.swift */,
				5BCF69021FA9C89700F19577 /* NoteViewController.swift */,
			);
			path = View;
			sourceTree = "<group>";
		};
		5B7309491F8015F70026152E = {
			isa = PBXGroup;
			children = (
				5B73097E1F80230F0026152E /* Realm.framework */,
				5B73097F1F8023100026152E /* RealmSwift.framework */,
				5B7309541F8015F70026152E /* FlightRecords */,
				5B7309691F8015F70026152E /* FlightRecordsTests */,
				5B7309531F8015F70026152E /* Products */,
				5B7309761F80219A0026152E /* Frameworks */,
			);
			sourceTree = "<group>";
		};
		5B7309531F8015F70026152E /* Products */ = {
			isa = PBXGroup;
			children = (
				5B7309521F8015F70026152E /* FlightRecords.app */,
				5B7309661F8015F70026152E /* FlightRecordsTests.xctest */,
			);
			name = Products;
			sourceTree = "<group>";
		};
		5B7309541F8015F70026152E /* FlightRecords */ = {
			isa = PBXGroup;
			children = (
				5BECADFF1F98BDE400A3EA49 /* Storyboards */,
				5B001F091F97609A0055870A /* Extension */,
				5B001F041F9751240055870A /* Translations */,
				5B189CCB1F8F66D5000B25FB /* FlightRecords.entitlements */,
				5B7309751F8016180026152E /* Supporting Files */,
				5B189CC41F8F54A4000B25FB /* View */,
				5B189CC31F8F549D000B25FB /* ViewModel */,
				5B189CC21F8F5491000B25FB /* Model */,
				5B7309611F8015F70026152E /* Info.plist */,
			);
			path = FlightRecords;
			sourceTree = "<group>";
		};
		5B7309691F8015F70026152E /* FlightRecordsTests */ = {
			isa = PBXGroup;
			children = (
				5B44B3F31F989D07004B1E65 /* AddFlightRecordViewModelTests.swift */,
				5B9A17D81F924AC1003589B5 /* RecordsTableViewControllerTests.swift */,
				5B9A17D61F9234AC003589B5 /* TestCaseBase.swift */,
				5B9A17C51F90BA1E003589B5 /* RecordsViewModelTests.swift */,
				5B189CCE1F909FBB000B25FB /* RecordViewModelTests.swift */,
				5B73096A1F8015F70026152E /* FlightRecordsTests.swift */,
				5B73096C1F8015F70026152E /* Info.plist */,
			);
			path = FlightRecordsTests;
			sourceTree = "<group>";
		};
		5B7309751F8016180026152E /* Supporting Files */ = {
			isa = PBXGroup;
			children = (
				5B7309551F8015F70026152E /* AppDelegate.swift */,
				5B73095C1F8015F70026152E /* Assets.xcassets */,
				5B73095E1F8015F70026152E /* LaunchScreen.storyboard */,
			);
			path = "Supporting Files";
			sourceTree = "<group>";
		};
		5B7309761F80219A0026152E /* Frameworks */ = {
			isa = PBXGroup;
			children = (
				5B7309771F80219A0026152E /* ReactiveCocoa.framework */,
				5B7309791F80219A0026152E /* ReactiveSwift.framework */,
				5B7309781F80219A0026152E /* Result.framework */,
			);
			name = Frameworks;
			sourceTree = "<group>";
		};
		5BECADFF1F98BDE400A3EA49 /* Storyboards */ = {
			isa = PBXGroup;
			children = (
				5BECAE021F98BEE600A3EA49 /* addFlightRecord.storyboard */,
				5B7309591F8015F70026152E /* Main.storyboard */,
			);
			path = Storyboards;
			sourceTree = "<group>";
		};
/* End PBXGroup section */

/* Begin PBXNativeTarget section */
		5B7309511F8015F70026152E /* FlightRecords */ = {
			isa = PBXNativeTarget;
			buildConfigurationList = 5B73096F1F8015F70026152E /* Build configuration list for PBXNativeTarget "FlightRecords" */;
			buildPhases = (
				5B73094E1F8015F70026152E /* Sources */,
				5B73094F1F8015F70026152E /* Frameworks */,
				5B7309501F8015F70026152E /* Resources */,
				5B73097D1F8021B60026152E /* ShellScript */,
				5B7309841F8023100026152E /* Embed Frameworks */,
				5B7309851F8023850026152E /* ShellScript */,
			);
			buildRules = (
			);
			dependencies = (
			);
			name = FlightRecords;
			productName = FlightRecords;
			productReference = 5B7309521F8015F70026152E /* FlightRecords.app */;
			productType = "com.apple.product-type.application";
		};
		5B7309651F8015F70026152E /* FlightRecordsTests */ = {
			isa = PBXNativeTarget;
			buildConfigurationList = 5B7309721F8015F70026152E /* Build configuration list for PBXNativeTarget "FlightRecordsTests" */;
			buildPhases = (
				5B7309621F8015F70026152E /* Sources */,
				5B7309631F8015F70026152E /* Frameworks */,
				5B7309641F8015F70026152E /* Resources */,
			);
			buildRules = (
			);
			dependencies = (
				5B7309681F8015F70026152E /* PBXTargetDependency */,
			);
			name = FlightRecordsTests;
			productName = FlightRecordsTests;
			productReference = 5B7309661F8015F70026152E /* FlightRecordsTests.xctest */;
			productType = "com.apple.product-type.bundle.unit-test";
		};
/* End PBXNativeTarget section */

/* Begin PBXProject section */
		5B73094A1F8015F70026152E /* Project object */ = {
			isa = PBXProject;
			attributes = {
				LastSwiftUpdateCheck = 0900;
				LastUpgradeCheck = 0900;
				ORGANIZATIONNAME = "Martin Zid";
				TargetAttributes = {
					5B7309511F8015F70026152E = {
						CreatedOnToolsVersion = 9.0;
						ProvisioningStyle = Automatic;
						SystemCapabilities = {
							com.apple.Keychain = {
								enabled = 1;
							};
						};
					};
					5B7309651F8015F70026152E = {
						CreatedOnToolsVersion = 9.0;
						ProvisioningStyle = Automatic;
						TestTargetID = 5B7309511F8015F70026152E;
					};
				};
			};
			buildConfigurationList = 5B73094D1F8015F70026152E /* Build configuration list for PBXProject "FlightRecords" */;
			compatibilityVersion = "Xcode 8.0";
			developmentRegion = en;
			hasScannedForEncodings = 0;
			knownRegions = (
				en,
				Base,
				cs,
			);
			mainGroup = 5B7309491F8015F70026152E;
			productRefGroup = 5B7309531F8015F70026152E /* Products */;
			projectDirPath = "";
			projectRoot = "";
			targets = (
				5B7309511F8015F70026152E /* FlightRecords */,
				5B7309651F8015F70026152E /* FlightRecordsTests */,
			);
		};
/* End PBXProject section */

/* Begin PBXResourcesBuildPhase section */
		5B7309501F8015F70026152E /* Resources */ = {
			isa = PBXResourcesBuildPhase;
			buildActionMask = 2147483647;
			files = (
				5B001F021F97510F0055870A /* Localizable.strings in Resources */,
				5BECAE041F98BEE600A3EA49 /* addFlightRecord.storyboard in Resources */,
				5B7309601F8015F70026152E /* LaunchScreen.storyboard in Resources */,
				5B73095D1F8015F70026152E /* Assets.xcassets in Resources */,
				5B73095B1F8015F70026152E /* Main.storyboard in Resources */,
			);
			runOnlyForDeploymentPostprocessing = 0;
		};
		5B7309641F8015F70026152E /* Resources */ = {
			isa = PBXResourcesBuildPhase;
			buildActionMask = 2147483647;
			files = (
			);
			runOnlyForDeploymentPostprocessing = 0;
		};
/* End PBXResourcesBuildPhase section */

/* Begin PBXShellScriptBuildPhase section */
		5B73097D1F8021B60026152E /* ShellScript */ = {
			isa = PBXShellScriptBuildPhase;
			buildActionMask = 2147483647;
			files = (
			);
			inputPaths = (
				"$(SRCROOT)/Carthage/Build/iOS/Result.framework",
				"$(SRCROOT)/Carthage/Build/iOS/ReactiveSwift.framework",
				"$(SRCROOT)/Carthage/Build/iOS/ReactiveCocoa.framework",
			);
			outputPaths = (
				"$(DERIVED_FILE_DIR)/$(FRAMEWORKS_FOLDER_PATH)/Result.framework",
				"$(DERIVED_FILE_DIR)/$(FRAMEWORKS_FOLDER_PATH)/ReactiveSwift.framework",
				"$(DERIVED_FILE_DIR)/$(FRAMEWORKS_FOLDER_PATH)/ReactiveCocoa.framework",
			);
			runOnlyForDeploymentPostprocessing = 0;
			shellPath = /bin/sh;
			shellScript = "/usr/local/bin/carthage copy-frameworks\n";
		};
		5B7309851F8023850026152E /* ShellScript */ = {
			isa = PBXShellScriptBuildPhase;
			buildActionMask = 2147483647;
			files = (
			);
			inputPaths = (
			);
			outputPaths = (
			);
			runOnlyForDeploymentPostprocessing = 0;
			shellPath = /bin/sh;
			shellScript = "bash \"${BUILT_PRODUCTS_DIR}/${FRAMEWORKS_FOLDER_PATH}/Realm.framework/strip-frameworks.sh\"\n";
		};
/* End PBXShellScriptBuildPhase section */

/* Begin PBXSourcesBuildPhase section */
		5B73094E1F8015F70026152E /* Sources */ = {
			isa = PBXSourcesBuildPhase;
			buildActionMask = 2147483647;
			files = (
				5BCF69051FA9D01E00F19577 /* NoteViewModel.swift in Sources */,
				5B189CBF1F8F53D4000B25FB /* RecordsViewModel.swift in Sources */,
				5B189CBD1F8F5368000B25FB /* RecordsTableViewController.swift in Sources */,
				5B001F061F9758150055870A /* AddFlightRecordViewController.swift in Sources */,
				5BCF69031FA9C89700F19577 /* NoteViewController.swift in Sources */,
				5B44B3F81F98A966004B1E65 /* Extension.swift in Sources */,
				5B189CC11F8F53EF000B25FB /* Record.swift in Sources */,
				5B44B3F61F98A79C004B1E65 /* DateConvertor.swift in Sources */,
				5B189CC61F8F54E0000B25FB /* RecordCell.swift in Sources */,
				5B189CCD1F8F678E000B25FB /* RealmHandler.swift in Sources */,
				5B001F081F975E710055870A /* AddFlightViewModel.swift in Sources */,
				5B7309561F8015F70026152E /* AppDelegate.swift in Sources */,
				5B189CC81F8F54F3000B25FB /* RecordViewModel.swift in Sources */,
				5B189CCA1F8F5BB4000B25FB /* Plane.swift in Sources */,
			);
			runOnlyForDeploymentPostprocessing = 0;
		};
		5B7309621F8015F70026152E /* Sources */ = {
			isa = PBXSourcesBuildPhase;
			buildActionMask = 2147483647;
			files = (
				5B9A17D71F9234AC003589B5 /* TestCaseBase.swift in Sources */,
				5B9A17C61F90BA1E003589B5 /* RecordsViewModelTests.swift in Sources */,
				5B9A17D91F924AC1003589B5 /* RecordsTableViewControllerTests.swift in Sources */,
				5B44B3F41F989D07004B1E65 /* AddFlightRecordViewModelTests.swift in Sources */,
				5B73096B1F8015F70026152E /* FlightRecordsTests.swift in Sources */,
				5B189CCF1F909FBB000B25FB /* RecordViewModelTests.swift in Sources */,
			);
			runOnlyForDeploymentPostprocessing = 0;
		};
/* End PBXSourcesBuildPhase section */

/* Begin PBXTargetDependency section */
		5B7309681F8015F70026152E /* PBXTargetDependency */ = {
			isa = PBXTargetDependency;
			target = 5B7309511F8015F70026152E /* FlightRecords */;
			targetProxy = 5B7309671F8015F70026152E /* PBXContainerItemProxy */;
		};
/* End PBXTargetDependency section */

/* Begin PBXVariantGroup section */
		5B001F001F97510F0055870A /* Localizable.strings */ = {
			isa = PBXVariantGroup;
			children = (
				5B001F011F97510F0055870A /* Base */,
				5B001F031F9751160055870A /* cs */,
			);
			name = Localizable.strings;
			sourceTree = "<group>";
		};
		5B7309591F8015F70026152E /* Main.storyboard */ = {
			isa = PBXVariantGroup;
			children = (
				5B73095A1F8015F70026152E /* Base */,
				5B001F0D1F9768A40055870A /* cs */,
			);
			name = Main.storyboard;
			sourceTree = "<group>";
		};
		5B73095E1F8015F70026152E /* LaunchScreen.storyboard */ = {
			isa = PBXVariantGroup;
			children = (
				5B73095F1F8015F70026152E /* Base */,
				5B001EFA1F9749AB0055870A /* cs */,
			);
			name = LaunchScreen.storyboard;
			sourceTree = "<group>";
		};
		5BECAE021F98BEE600A3EA49 /* addFlightRecord.storyboard */ = {
			isa = PBXVariantGroup;
			children = (
				5BECAE031F98BEE600A3EA49 /* Base */,
				5BECAE061F98BF5800A3EA49 /* cs */,
			);
			name = addFlightRecord.storyboard;
			sourceTree = "<group>";
		};
/* End PBXVariantGroup section */

/* Begin XCBuildConfiguration section */
		5B73096D1F8015F70026152E /* Debug */ = {
			isa = XCBuildConfiguration;
			buildSettings = {
				ALWAYS_SEARCH_USER_PATHS = NO;
				CLANG_ANALYZER_LOCALIZABILITY_NONLOCALIZED = YES;
				CLANG_ANALYZER_NONNULL = YES;
				CLANG_ANALYZER_NUMBER_OBJECT_CONVERSION = YES_AGGRESSIVE;
				CLANG_CXX_LANGUAGE_STANDARD = "gnu++14";
				CLANG_CXX_LIBRARY = "libc++";
				CLANG_ENABLE_MODULES = YES;
				CLANG_ENABLE_OBJC_ARC = YES;
				CLANG_WARN_BLOCK_CAPTURE_AUTORELEASING = YES;
				CLANG_WARN_BOOL_CONVERSION = YES;
				CLANG_WARN_COMMA = YES;
				CLANG_WARN_CONSTANT_CONVERSION = YES;
				CLANG_WARN_DIRECT_OBJC_ISA_USAGE = YES_ERROR;
				CLANG_WARN_DOCUMENTATION_COMMENTS = YES;
				CLANG_WARN_EMPTY_BODY = YES;
				CLANG_WARN_ENUM_CONVERSION = YES;
				CLANG_WARN_INFINITE_RECURSION = YES;
				CLANG_WARN_INT_CONVERSION = YES;
				CLANG_WARN_NON_LITERAL_NULL_CONVERSION = YES;
				CLANG_WARN_OBJC_LITERAL_CONVERSION = YES;
				CLANG_WARN_OBJC_ROOT_CLASS = YES_ERROR;
				CLANG_WARN_RANGE_LOOP_ANALYSIS = YES;
				CLANG_WARN_STRICT_PROTOTYPES = YES;
				CLANG_WARN_SUSPICIOUS_MOVE = YES;
				CLANG_WARN_UNGUARDED_AVAILABILITY = YES_AGGRESSIVE;
				CLANG_WARN_UNREACHABLE_CODE = YES;
				CLANG_WARN__DUPLICATE_METHOD_MATCH = YES;
				CODE_SIGN_IDENTITY = "iPhone Developer";
				COPY_PHASE_STRIP = NO;
				DEBUG_INFORMATION_FORMAT = dwarf;
				ENABLE_STRICT_OBJC_MSGSEND = YES;
				ENABLE_TESTABILITY = YES;
				GCC_C_LANGUAGE_STANDARD = gnu11;
				GCC_DYNAMIC_NO_PIC = NO;
				GCC_NO_COMMON_BLOCKS = YES;
				GCC_OPTIMIZATION_LEVEL = 0;
				GCC_PREPROCESSOR_DEFINITIONS = (
					"DEBUG=1",
					"$(inherited)",
				);
				GCC_WARN_64_TO_32_BIT_CONVERSION = YES;
				GCC_WARN_ABOUT_RETURN_TYPE = YES_ERROR;
				GCC_WARN_UNDECLARED_SELECTOR = YES;
				GCC_WARN_UNINITIALIZED_AUTOS = YES_AGGRESSIVE;
				GCC_WARN_UNUSED_FUNCTION = YES;
				GCC_WARN_UNUSED_VARIABLE = YES;
				IPHONEOS_DEPLOYMENT_TARGET = 11.0;
				MTL_ENABLE_DEBUG_INFO = YES;
				ONLY_ACTIVE_ARCH = YES;
				SDKROOT = iphoneos;
				SWIFT_ACTIVE_COMPILATION_CONDITIONS = DEBUG;
				SWIFT_OPTIMIZATION_LEVEL = "-Onone";
			};
			name = Debug;
		};
		5B73096E1F8015F70026152E /* Release */ = {
			isa = XCBuildConfiguration;
			buildSettings = {
				ALWAYS_SEARCH_USER_PATHS = NO;
				CLANG_ANALYZER_LOCALIZABILITY_NONLOCALIZED = YES;
				CLANG_ANALYZER_NONNULL = YES;
				CLANG_ANALYZER_NUMBER_OBJECT_CONVERSION = YES_AGGRESSIVE;
				CLANG_CXX_LANGUAGE_STANDARD = "gnu++14";
				CLANG_CXX_LIBRARY = "libc++";
				CLANG_ENABLE_MODULES = YES;
				CLANG_ENABLE_OBJC_ARC = YES;
				CLANG_WARN_BLOCK_CAPTURE_AUTORELEASING = YES;
				CLANG_WARN_BOOL_CONVERSION = YES;
				CLANG_WARN_COMMA = YES;
				CLANG_WARN_CONSTANT_CONVERSION = YES;
				CLANG_WARN_DIRECT_OBJC_ISA_USAGE = YES_ERROR;
				CLANG_WARN_DOCUMENTATION_COMMENTS = YES;
				CLANG_WARN_EMPTY_BODY = YES;
				CLANG_WARN_ENUM_CONVERSION = YES;
				CLANG_WARN_INFINITE_RECURSION = YES;
				CLANG_WARN_INT_CONVERSION = YES;
				CLANG_WARN_NON_LITERAL_NULL_CONVERSION = YES;
				CLANG_WARN_OBJC_LITERAL_CONVERSION = YES;
				CLANG_WARN_OBJC_ROOT_CLASS = YES_ERROR;
				CLANG_WARN_RANGE_LOOP_ANALYSIS = YES;
				CLANG_WARN_STRICT_PROTOTYPES = YES;
				CLANG_WARN_SUSPICIOUS_MOVE = YES;
				CLANG_WARN_UNGUARDED_AVAILABILITY = YES_AGGRESSIVE;
				CLANG_WARN_UNREACHABLE_CODE = YES;
				CLANG_WARN__DUPLICATE_METHOD_MATCH = YES;
				CODE_SIGN_IDENTITY = "iPhone Developer";
				COPY_PHASE_STRIP = NO;
				DEBUG_INFORMATION_FORMAT = "dwarf-with-dsym";
				ENABLE_NS_ASSERTIONS = NO;
				ENABLE_STRICT_OBJC_MSGSEND = YES;
				GCC_C_LANGUAGE_STANDARD = gnu11;
				GCC_NO_COMMON_BLOCKS = YES;
				GCC_WARN_64_TO_32_BIT_CONVERSION = YES;
				GCC_WARN_ABOUT_RETURN_TYPE = YES_ERROR;
				GCC_WARN_UNDECLARED_SELECTOR = YES;
				GCC_WARN_UNINITIALIZED_AUTOS = YES_AGGRESSIVE;
				GCC_WARN_UNUSED_FUNCTION = YES;
				GCC_WARN_UNUSED_VARIABLE = YES;
				IPHONEOS_DEPLOYMENT_TARGET = 11.0;
				MTL_ENABLE_DEBUG_INFO = NO;
				SDKROOT = iphoneos;
				SWIFT_OPTIMIZATION_LEVEL = "-Owholemodule";
				VALIDATE_PRODUCT = YES;
			};
			name = Release;
		};
		5B7309701F8015F70026152E /* Debug */ = {
			isa = XCBuildConfiguration;
			buildSettings = {
				ASSETCATALOG_COMPILER_APPICON_NAME = AppIcon;
				CODE_SIGN_ENTITLEMENTS = FlightRecords/FlightRecords.entitlements;
				CODE_SIGN_STYLE = Automatic;
				DEVELOPMENT_TEAM = BGNFHN2T6J;
				FRAMEWORK_SEARCH_PATHS = (
					"$(inherited)",
					"$(PROJECT_DIR)/Carthage/Build/iOS",
					"$(PROJECT_DIR)/Realm",
				);
				INFOPLIST_FILE = FlightRecords/Info.plist;
				LD_RUNPATH_SEARCH_PATHS = "$(inherited) @executable_path/Frameworks";
				PRODUCT_BUNDLE_IDENTIFIER = personal.FlightRecords;
				PRODUCT_NAME = "$(TARGET_NAME)";
				SWIFT_VERSION = 4.0;
				TARGETED_DEVICE_FAMILY = "1,2";
			};
			name = Debug;
		};
		5B7309711F8015F70026152E /* Release */ = {
			isa = XCBuildConfiguration;
			buildSettings = {
				ASSETCATALOG_COMPILER_APPICON_NAME = AppIcon;
				CODE_SIGN_ENTITLEMENTS = FlightRecords/FlightRecords.entitlements;
				CODE_SIGN_STYLE = Automatic;
				DEVELOPMENT_TEAM = BGNFHN2T6J;
				FRAMEWORK_SEARCH_PATHS = (
					"$(inherited)",
					"$(PROJECT_DIR)/Carthage/Build/iOS",
					"$(PROJECT_DIR)/Realm",
				);
				INFOPLIST_FILE = FlightRecords/Info.plist;
				LD_RUNPATH_SEARCH_PATHS = "$(inherited) @executable_path/Frameworks";
				PRODUCT_BUNDLE_IDENTIFIER = personal.FlightRecords;
				PRODUCT_NAME = "$(TARGET_NAME)";
				SWIFT_VERSION = 4.0;
				TARGETED_DEVICE_FAMILY = "1,2";
			};
			name = Release;
		};
		5B7309731F8015F70026152E /* Debug */ = {
			isa = XCBuildConfiguration;
			buildSettings = {
				ALWAYS_EMBED_SWIFT_STANDARD_LIBRARIES = YES;
				BUNDLE_LOADER = "$(TEST_HOST)";
				CODE_SIGN_STYLE = Automatic;
				DEVELOPMENT_TEAM = BGNFHN2T6J;
				FRAMEWORK_SEARCH_PATHS = (
					"$(inherited)",
					"$(PROJECT_DIR)/Realm",
					"$(PROJECT_DIR)/Carthage/Build/iOS",
				);
				INFOPLIST_FILE = FlightRecordsTests/Info.plist;
				LD_RUNPATH_SEARCH_PATHS = "$(inherited) @executable_path/Frameworks @loader_path/Frameworks";
				PRODUCT_BUNDLE_IDENTIFIER = personal.FlightRecordsTests;
				PRODUCT_NAME = "$(TARGET_NAME)";
				SWIFT_VERSION = 4.0;
				TARGETED_DEVICE_FAMILY = "1,2";
				TEST_HOST = "$(BUILT_PRODUCTS_DIR)/FlightRecords.app/FlightRecords";
			};
			name = Debug;
		};
		5B7309741F8015F70026152E /* Release */ = {
			isa = XCBuildConfiguration;
			buildSettings = {
				ALWAYS_EMBED_SWIFT_STANDARD_LIBRARIES = YES;
				BUNDLE_LOADER = "$(TEST_HOST)";
				CODE_SIGN_STYLE = Automatic;
				DEVELOPMENT_TEAM = BGNFHN2T6J;
				FRAMEWORK_SEARCH_PATHS = (
					"$(inherited)",
					"$(PROJECT_DIR)/Realm",
					"$(PROJECT_DIR)/Carthage/Build/iOS",
				);
				INFOPLIST_FILE = FlightRecordsTests/Info.plist;
				LD_RUNPATH_SEARCH_PATHS = "$(inherited) @executable_path/Frameworks @loader_path/Frameworks";
				PRODUCT_BUNDLE_IDENTIFIER = personal.FlightRecordsTests;
				PRODUCT_NAME = "$(TARGET_NAME)";
				SWIFT_VERSION = 4.0;
				TARGETED_DEVICE_FAMILY = "1,2";
				TEST_HOST = "$(BUILT_PRODUCTS_DIR)/FlightRecords.app/FlightRecords";
			};
			name = Release;
		};
/* End XCBuildConfiguration section */

/* Begin XCConfigurationList section */
		5B73094D1F8015F70026152E /* Build configuration list for PBXProject "FlightRecords" */ = {
			isa = XCConfigurationList;
			buildConfigurations = (
				5B73096D1F8015F70026152E /* Debug */,
				5B73096E1F8015F70026152E /* Release */,
			);
			defaultConfigurationIsVisible = 0;
			defaultConfigurationName = Release;
		};
		5B73096F1F8015F70026152E /* Build configuration list for PBXNativeTarget "FlightRecords" */ = {
			isa = XCConfigurationList;
			buildConfigurations = (
				5B7309701F8015F70026152E /* Debug */,
				5B7309711F8015F70026152E /* Release */,
			);
			defaultConfigurationIsVisible = 0;
			defaultConfigurationName = Release;
		};
		5B7309721F8015F70026152E /* Build configuration list for PBXNativeTarget "FlightRecordsTests" */ = {
			isa = XCConfigurationList;
			buildConfigurations = (
				5B7309731F8015F70026152E /* Debug */,
				5B7309741F8015F70026152E /* Release */,
			);
			defaultConfigurationIsVisible = 0;
			defaultConfigurationName = Release;
		};
/* End XCConfigurationList section */
	};
	rootObject = 5B73094A1F8015F70026152E /* Project object */;
}
