// !$*UTF8*$!
{
	archiveVersion = 1;
	classes = {
	};
	objectVersion = 48;
	objects = {

/* Begin PBXBuildFile section */
		5B001F021F97510F0055870A /* Localizable.strings in Resources */ = {isa = PBXBuildFile; fileRef = 5B001F001F97510F0055870A /* Localizable.strings */; };
		5B001F061F9758150055870A /* AddFlightRecordViewController.swift in Sources */ = {isa = PBXBuildFile; fileRef = 5B001F051F9758150055870A /* AddFlightRecordViewController.swift */; };
		5B001F081F975E710055870A /* AddFlightViewModel.swift in Sources */ = {isa = PBXBuildFile; fileRef = 5B001F071F975E710055870A /* AddFlightViewModel.swift */; };
		5B0C4D4E1FEBA592001CBF24 /* AddMedicalCertificateViewController.swift in Sources */ = {isa = PBXBuildFile; fileRef = 5B0C4D4D1FEBA592001CBF24 /* AddMedicalCertificateViewController.swift */; };
		5B0C4D501FEBA6C3001CBF24 /* AddMedicalCertificateViewModel.swift in Sources */ = {isa = PBXBuildFile; fileRef = 5B0C4D4F1FEBA6C3001CBF24 /* AddMedicalCertificateViewModel.swift */; };
		5B11C8932007727100D324D8 /* AddMedicalCertificateViewModelTests.swift in Sources */ = {isa = PBXBuildFile; fileRef = 5B11C8922007727100D324D8 /* AddMedicalCertificateViewModelTests.swift */; };
		5B1694821FBD843A000A2B9D /* addSimulatorRecord.storyboard in Resources */ = {isa = PBXBuildFile; fileRef = 5B1694801FBD843A000A2B9D /* addSimulatorRecord.storyboard */; };
		5B1694841FBD8545000A2B9D /* AddSimulatorRecordTableViewController.swift in Sources */ = {isa = PBXBuildFile; fileRef = 5B1694831FBD8545000A2B9D /* AddSimulatorRecordTableViewController.swift */; };
		5B1694861FBD8680000A2B9D /* AddSimulatorRecordViewModel.swift in Sources */ = {isa = PBXBuildFile; fileRef = 5B1694851FBD8680000A2B9D /* AddSimulatorRecordViewModel.swift */; };
		5B1694881FBD8E6F000A2B9D /* RecordTableViewController.swift in Sources */ = {isa = PBXBuildFile; fileRef = 5B1694871FBD8E6F000A2B9D /* RecordTableViewController.swift */; };
		5B16948B1FBD928C000A2B9D /* note.storyboard in Resources */ = {isa = PBXBuildFile; fileRef = 5B1694891FBD928C000A2B9D /* note.storyboard */; };
		5B16948D1FBDACD9000A2B9D /* AddSimulatorRecordViewModelTests.swift in Sources */ = {isa = PBXBuildFile; fileRef = 5B16948C1FBDACD9000A2B9D /* AddSimulatorRecordViewModelTests.swift */; };
		5B189CBD1F8F5368000B25FB /* RecordsTableViewController.swift in Sources */ = {isa = PBXBuildFile; fileRef = 5B189CBC1F8F5368000B25FB /* RecordsTableViewController.swift */; };
		5B189CBF1F8F53D4000B25FB /* RecordsViewModel.swift in Sources */ = {isa = PBXBuildFile; fileRef = 5B189CBE1F8F53D4000B25FB /* RecordsViewModel.swift */; };
		5B189CC11F8F53EF000B25FB /* Record.swift in Sources */ = {isa = PBXBuildFile; fileRef = 5B189CC01F8F53EF000B25FB /* Record.swift */; };
		5B189CC61F8F54E0000B25FB /* RecordCell.swift in Sources */ = {isa = PBXBuildFile; fileRef = 5B189CC51F8F54E0000B25FB /* RecordCell.swift */; };
		5B189CC81F8F54F3000B25FB /* RecordViewModel.swift in Sources */ = {isa = PBXBuildFile; fileRef = 5B189CC71F8F54F3000B25FB /* RecordViewModel.swift */; };
		5B189CCA1F8F5BB4000B25FB /* Plane.swift in Sources */ = {isa = PBXBuildFile; fileRef = 5B189CC91F8F5BB4000B25FB /* Plane.swift */; };
		5B189CCD1F8F678E000B25FB /* RealmViewModel.swift in Sources */ = {isa = PBXBuildFile; fileRef = 5B189CCC1F8F678E000B25FB /* RealmViewModel.swift */; };
		5B189CCF1F909FBB000B25FB /* RecordViewModelTests.swift in Sources */ = {isa = PBXBuildFile; fileRef = 5B189CCE1F909FBB000B25FB /* RecordViewModelTests.swift */; };
		5B279BAB1FAB17A700090D7B /* Realm.framework in Frameworks */ = {isa = PBXBuildFile; fileRef = 5B279BA91FAB17A700090D7B /* Realm.framework */; };
		5B279BAC1FAB17A700090D7B /* RealmSwift.framework in Frameworks */ = {isa = PBXBuildFile; fileRef = 5B279BAA1FAB17A700090D7B /* RealmSwift.framework */; };
		5B279BAD1FAB1BBF00090D7B /* Realm.framework in Frameworks */ = {isa = PBXBuildFile; fileRef = 5B279BA91FAB17A700090D7B /* Realm.framework */; };
		5B279BAE1FAB1BBF00090D7B /* RealmSwift.framework in Frameworks */ = {isa = PBXBuildFile; fileRef = 5B279BAA1FAB17A700090D7B /* RealmSwift.framework */; };
		5B279BB11FAB441500090D7B /* planes.storyboard in Resources */ = {isa = PBXBuildFile; fileRef = 5B279BAF1FAB441500090D7B /* planes.storyboard */; };
		5B279BB31FAB46BF00090D7B /* PlanesTableViewController.swift in Sources */ = {isa = PBXBuildFile; fileRef = 5B279BB21FAB46BF00090D7B /* PlanesTableViewController.swift */; };
		5B279BB51FAB46D700090D7B /* PlaneCell.swift in Sources */ = {isa = PBXBuildFile; fileRef = 5B279BB41FAB46D700090D7B /* PlaneCell.swift */; };
		5B279BB71FAB46F000090D7B /* PlaneViewModel.swift in Sources */ = {isa = PBXBuildFile; fileRef = 5B279BB61FAB46F000090D7B /* PlaneViewModel.swift */; };
		5B279BB91FAB46F900090D7B /* PlanesViewModel.swift in Sources */ = {isa = PBXBuildFile; fileRef = 5B279BB81FAB46F900090D7B /* PlanesViewModel.swift */; };
		5B279BBB1FAB513400090D7B /* PlaneViewModelTests.swift in Sources */ = {isa = PBXBuildFile; fileRef = 5B279BBA1FAB513400090D7B /* PlaneViewModelTests.swift */; };
		5B44B3F41F989D07004B1E65 /* AddFlightRecordViewModelTests.swift in Sources */ = {isa = PBXBuildFile; fileRef = 5B44B3F31F989D07004B1E65 /* AddFlightRecordViewModelTests.swift */; };
		5B44B3F81F98A966004B1E65 /* UITableViewControllerExtension.swift in Sources */ = {isa = PBXBuildFile; fileRef = 5B44B3F71F98A966004B1E65 /* UITableViewControllerExtension.swift */; };
		5B678F1E1FB44D15000C09E4 /* AddPlaneViewController.swift in Sources */ = {isa = PBXBuildFile; fileRef = 5B678F1D1FB44D15000C09E4 /* AddPlaneViewController.swift */; };
		5B678F201FB44EA0000C09E4 /* AddPlaneViewModel.swift in Sources */ = {isa = PBXBuildFile; fileRef = 5B678F1F1FB44EA0000C09E4 /* AddPlaneViewModel.swift */; };
		5B7309561F8015F70026152E /* AppDelegate.swift in Sources */ = {isa = PBXBuildFile; fileRef = 5B7309551F8015F70026152E /* AppDelegate.swift */; };
		5B73095B1F8015F70026152E /* Main.storyboard in Resources */ = {isa = PBXBuildFile; fileRef = 5B7309591F8015F70026152E /* Main.storyboard */; };
		5B73095D1F8015F70026152E /* Assets.xcassets in Resources */ = {isa = PBXBuildFile; fileRef = 5B73095C1F8015F70026152E /* Assets.xcassets */; };
		5B7309601F8015F70026152E /* LaunchScreen.storyboard in Resources */ = {isa = PBXBuildFile; fileRef = 5B73095E1F8015F70026152E /* LaunchScreen.storyboard */; };
		5B73097A1F80219A0026152E /* ReactiveCocoa.framework in Frameworks */ = {isa = PBXBuildFile; fileRef = 5B7309771F80219A0026152E /* ReactiveCocoa.framework */; };
		5B73097B1F80219A0026152E /* Result.framework in Frameworks */ = {isa = PBXBuildFile; fileRef = 5B7309781F80219A0026152E /* Result.framework */; };
		5B73097C1F80219B0026152E /* ReactiveSwift.framework in Frameworks */ = {isa = PBXBuildFile; fileRef = 5B7309791F80219A0026152E /* ReactiveSwift.framework */; };
		5B7ACA061FD930DB001AAEC4 /* limits.storyboard in Resources */ = {isa = PBXBuildFile; fileRef = 5B7ACA041FD930DB001AAEC4 /* limits.storyboard */; };
		5B7ACA081FD93599001AAEC4 /* LimitsViewController.swift in Sources */ = {isa = PBXBuildFile; fileRef = 5B7ACA071FD93599001AAEC4 /* LimitsViewController.swift */; };
		5B7ACA0A1FD935B3001AAEC4 /* LimitsViewModel.swift in Sources */ = {isa = PBXBuildFile; fileRef = 5B7ACA091FD935B3001AAEC4 /* LimitsViewModel.swift */; };
		5B7ACA0C1FD9786D001AAEC4 /* PersonalInformationsViewModelTests.swift in Sources */ = {isa = PBXBuildFile; fileRef = 5B7ACA0B1FD9786D001AAEC4 /* PersonalInformationsViewModelTests.swift */; };
		5B7ACA0E1FD97E44001AAEC4 /* LimitsViewModelTests.swift in Sources */ = {isa = PBXBuildFile; fileRef = 5B7ACA0D1FD97E44001AAEC4 /* LimitsViewModelTests.swift */; };
		5B7B4E9220160BF6007C22A9 /* StatisticsViewModelTests.swift in Sources */ = {isa = PBXBuildFile; fileRef = 5B7B4E9120160BF6007C22A9 /* StatisticsViewModelTests.swift */; };
		5B7F4B211FDA90C700A435AE /* medicalCertificates.storyboard in Resources */ = {isa = PBXBuildFile; fileRef = 5B7F4B1F1FDA90C700A435AE /* medicalCertificates.storyboard */; };
		5B7F4B231FDA921900A435AE /* MedicalCertificatesViewController.swift in Sources */ = {isa = PBXBuildFile; fileRef = 5B7F4B221FDA921900A435AE /* MedicalCertificatesViewController.swift */; };
		5B7F4B251FDA923000A435AE /* CertificateViewCell.swift in Sources */ = {isa = PBXBuildFile; fileRef = 5B7F4B241FDA923000A435AE /* CertificateViewCell.swift */; };
		5B7F4B291FDA92BE00A435AE /* MedicalCertificatesViewModel.swift in Sources */ = {isa = PBXBuildFile; fileRef = 5B7F4B281FDA92BE00A435AE /* MedicalCertificatesViewModel.swift */; };
		5B7F4B2B1FDA92D300A435AE /* CertificateViewModel.swift in Sources */ = {isa = PBXBuildFile; fileRef = 5B7F4B2A1FDA92D300A435AE /* CertificateViewModel.swift */; };
		5B7F4B2D1FDA98A400A435AE /* MedicalCertificate.swift in Sources */ = {isa = PBXBuildFile; fileRef = 5B7F4B2C1FDA98A400A435AE /* MedicalCertificate.swift */; };
		5B7F4B2F1FDABD0400A435AE /* CertificateViewModelTests.swift in Sources */ = {isa = PBXBuildFile; fileRef = 5B7F4B2E1FDABD0400A435AE /* CertificateViewModelTests.swift */; };
		5B7F4B331FDAC08700A435AE /* RealmTableViewModel.swift in Sources */ = {isa = PBXBuildFile; fileRef = 5B7F4B321FDAC08700A435AE /* RealmTableViewModel.swift */; };
		5B9963551FB5C56C00DA104B /* Protocols.swift in Sources */ = {isa = PBXBuildFile; fileRef = 5B9963541FB5C56C00DA104B /* Protocols.swift */; };
		5B9A17C61F90BA1E003589B5 /* RecordsViewModelTests.swift in Sources */ = {isa = PBXBuildFile; fileRef = 5B9A17C51F90BA1E003589B5 /* RecordsViewModelTests.swift */; };
		5B9A17D31F90F075003589B5 /* ReactiveCocoa.framework in Frameworks */ = {isa = PBXBuildFile; fileRef = 5B7309771F80219A0026152E /* ReactiveCocoa.framework */; };
		5B9A17D41F90F075003589B5 /* ReactiveSwift.framework in Frameworks */ = {isa = PBXBuildFile; fileRef = 5B7309791F80219A0026152E /* ReactiveSwift.framework */; };
		5B9A17D51F90F075003589B5 /* Result.framework in Frameworks */ = {isa = PBXBuildFile; fileRef = 5B7309781F80219A0026152E /* Result.framework */; };
		5B9A17D71F9234AC003589B5 /* TestCaseBase.swift in Sources */ = {isa = PBXBuildFile; fileRef = 5B9A17D61F9234AC003589B5 /* TestCaseBase.swift */; };
		5B9A17D91F924AC1003589B5 /* RecordsTableViewControllerTests.swift in Sources */ = {isa = PBXBuildFile; fileRef = 5B9A17D81F924AC1003589B5 /* RecordsTableViewControllerTests.swift */; };
		5BA8DE051FB4CB5800A7A5A4 /* AddPlaneViewModelTests.swift in Sources */ = {isa = PBXBuildFile; fileRef = 5BA8DE041FB4CB5800A7A5A4 /* AddPlaneViewModelTests.swift */; };
		5BB958421FAC6FAF0073AF55 /* PlanesTableViewControllerTests.swift in Sources */ = {isa = PBXBuildFile; fileRef = 5BB958411FAC6FAF0073AF55 /* PlanesTableViewControllerTests.swift */; };
		5BB958461FAC87C20073AF55 /* PlanesViewModelTests.swift in Sources */ = {isa = PBXBuildFile; fileRef = 5BB958451FAC87C20073AF55 /* PlanesViewModelTests.swift */; };
		5BC76B9B1FCEAE3B00852021 /* SearchViewModelTests.swift in Sources */ = {isa = PBXBuildFile; fileRef = 5BC76B9A1FCEAE3B00852021 /* SearchViewModelTests.swift */; };
		5BCDC1FA2015D6E0006D7966 /* statistics.storyboard in Resources */ = {isa = PBXBuildFile; fileRef = 5BCDC1F82015D6E0006D7966 /* statistics.storyboard */; };
		5BCDC1FC2015D957006D7966 /* StatisticsViewController.swift in Sources */ = {isa = PBXBuildFile; fileRef = 5BCDC1FB2015D957006D7966 /* StatisticsViewController.swift */; };
		5BCDC1FE2015D982006D7966 /* StatisticsViewModel.swift in Sources */ = {isa = PBXBuildFile; fileRef = 5BCDC1FD2015D982006D7966 /* StatisticsViewModel.swift */; };
		5BCDC2002015DB67006D7966 /* Filter.swift in Sources */ = {isa = PBXBuildFile; fileRef = 5BCDC1FF2015DB67006D7966 /* Filter.swift */; };
		5BCF69031FA9C89700F19577 /* NoteViewController.swift in Sources */ = {isa = PBXBuildFile; fileRef = 5BCF69021FA9C89700F19577 /* NoteViewController.swift */; };
		5BCF69051FA9D01E00F19577 /* NoteViewModel.swift in Sources */ = {isa = PBXBuildFile; fileRef = 5BCF69041FA9D01E00F19577 /* NoteViewModel.swift */; };
		5BD6DC4C1FC81BB200140F34 /* search.storyboard in Resources */ = {isa = PBXBuildFile; fileRef = 5BD6DC4A1FC81BB200140F34 /* search.storyboard */; };
		5BD6DC4E1FC81FEB00140F34 /* SearchViewController.swift in Sources */ = {isa = PBXBuildFile; fileRef = 5BD6DC4D1FC81FEB00140F34 /* SearchViewController.swift */; };
		5BD6DC501FC8201C00140F34 /* SearchViewModel.swift in Sources */ = {isa = PBXBuildFile; fileRef = 5BD6DC4F1FC8201C00140F34 /* SearchViewModel.swift */; };
		5BD6DC521FC8205200140F34 /* SearchConfiguration.swift in Sources */ = {isa = PBXBuildFile; fileRef = 5BD6DC511FC8205200140F34 /* SearchConfiguration.swift */; };
		5BECAE041F98BEE600A3EA49 /* addFlightRecord.storyboard in Resources */ = {isa = PBXBuildFile; fileRef = 5BECAE021F98BEE600A3EA49 /* addFlightRecord.storyboard */; };
		5BF695421FCFF81900D6B9CA /* profile.storyboard in Resources */ = {isa = PBXBuildFile; fileRef = 5BF695401FCFF81900D6B9CA /* profile.storyboard */; };
		5BF695461FD00A0D00D6B9CA /* PersonalInformationsViewController.swift in Sources */ = {isa = PBXBuildFile; fileRef = 5BF695451FD00A0D00D6B9CA /* PersonalInformationsViewController.swift */; };
		5BF695481FD00A3400D6B9CA /* PersonalInformationsViewModel.swift in Sources */ = {isa = PBXBuildFile; fileRef = 5BF695471FD00A3400D6B9CA /* PersonalInformationsViewModel.swift */; };
		5BF6954A1FD00A6D00D6B9CA /* PersonalInformations.swift in Sources */ = {isa = PBXBuildFile; fileRef = 5BF695491FD00A6D00D6B9CA /* PersonalInformations.swift */; };
		5BF6954C1FD00E7A00D6B9CA /* DateFormatterExtension.swift in Sources */ = {isa = PBXBuildFile; fileRef = 5BF6954B1FD00E7A00D6B9CA /* DateFormatterExtension.swift */; };
		5BF6954E1FD00EB700D6B9CA /* UIViewControllerExtension.swift in Sources */ = {isa = PBXBuildFile; fileRef = 5BF6954D1FD00EB700D6B9CA /* UIViewControllerExtension.swift */; };
/* End PBXBuildFile section */

/* Begin PBXContainerItemProxy section */
		5B7309671F8015F70026152E /* PBXContainerItemProxy */ = {
			isa = PBXContainerItemProxy;
			containerPortal = 5B73094A1F8015F70026152E /* Project object */;
			proxyType = 1;
			remoteGlobalIDString = 5B7309511F8015F70026152E;
			remoteInfo = FlightRecords;
		};
/* End PBXContainerItemProxy section */

/* Begin PBXFileReference section */
		5B001EFA1F9749AB0055870A /* cs */ = {isa = PBXFileReference; lastKnownFileType = text.plist.strings; name = cs; path = cs.lproj/LaunchScreen.strings; sourceTree = "<group>"; };
		5B001F011F97510F0055870A /* Base */ = {isa = PBXFileReference; lastKnownFileType = text.plist.strings; name = Base; path = Base.lproj/Localizable.strings; sourceTree = "<group>"; };
		5B001F031F9751160055870A /* cs */ = {isa = PBXFileReference; lastKnownFileType = text.plist.strings; name = cs; path = cs.lproj/Localizable.strings; sourceTree = "<group>"; };
		5B001F051F9758150055870A /* AddFlightRecordViewController.swift */ = {isa = PBXFileReference; lastKnownFileType = sourcecode.swift; path = AddFlightRecordViewController.swift; sourceTree = "<group>"; };
		5B001F071F975E710055870A /* AddFlightViewModel.swift */ = {isa = PBXFileReference; lastKnownFileType = sourcecode.swift; path = AddFlightViewModel.swift; sourceTree = "<group>"; };
		5B001F0D1F9768A40055870A /* cs */ = {isa = PBXFileReference; lastKnownFileType = text.plist.strings; name = cs; path = cs.lproj/Main.strings; sourceTree = "<group>"; };
		5B0C4D4D1FEBA592001CBF24 /* AddMedicalCertificateViewController.swift */ = {isa = PBXFileReference; lastKnownFileType = sourcecode.swift; path = AddMedicalCertificateViewController.swift; sourceTree = "<group>"; };
		5B0C4D4F1FEBA6C3001CBF24 /* AddMedicalCertificateViewModel.swift */ = {isa = PBXFileReference; lastKnownFileType = sourcecode.swift; path = AddMedicalCertificateViewModel.swift; sourceTree = "<group>"; };
		5B11C8922007727100D324D8 /* AddMedicalCertificateViewModelTests.swift */ = {isa = PBXFileReference; lastKnownFileType = sourcecode.swift; path = AddMedicalCertificateViewModelTests.swift; sourceTree = "<group>"; };
		5B1694811FBD843A000A2B9D /* Base */ = {isa = PBXFileReference; lastKnownFileType = file.storyboard; name = Base; path = FlightRecords/Storyboards/Base.lproj/addSimulatorRecord.storyboard; sourceTree = "<group>"; };
		5B1694831FBD8545000A2B9D /* AddSimulatorRecordTableViewController.swift */ = {isa = PBXFileReference; lastKnownFileType = sourcecode.swift; path = AddSimulatorRecordTableViewController.swift; sourceTree = "<group>"; };
		5B1694851FBD8680000A2B9D /* AddSimulatorRecordViewModel.swift */ = {isa = PBXFileReference; lastKnownFileType = sourcecode.swift; path = AddSimulatorRecordViewModel.swift; sourceTree = "<group>"; };
		5B1694871FBD8E6F000A2B9D /* RecordTableViewController.swift */ = {isa = PBXFileReference; lastKnownFileType = sourcecode.swift; path = RecordTableViewController.swift; sourceTree = "<group>"; };
		5B16948A1FBD928C000A2B9D /* Base */ = {isa = PBXFileReference; lastKnownFileType = file.storyboard; name = Base; path = FlightRecords/Storyboards/FlightRecords/Storyboards/Base.lproj/note.storyboard; sourceTree = "<group>"; };
		5B16948C1FBDACD9000A2B9D /* AddSimulatorRecordViewModelTests.swift */ = {isa = PBXFileReference; lastKnownFileType = sourcecode.swift; path = AddSimulatorRecordViewModelTests.swift; sourceTree = "<group>"; };
		5B189CBC1F8F5368000B25FB /* RecordsTableViewController.swift */ = {isa = PBXFileReference; lastKnownFileType = sourcecode.swift; path = RecordsTableViewController.swift; sourceTree = "<group>"; };
		5B189CBE1F8F53D4000B25FB /* RecordsViewModel.swift */ = {isa = PBXFileReference; lastKnownFileType = sourcecode.swift; path = RecordsViewModel.swift; sourceTree = "<group>"; };
		5B189CC01F8F53EF000B25FB /* Record.swift */ = {isa = PBXFileReference; lastKnownFileType = sourcecode.swift; path = Record.swift; sourceTree = "<group>"; };
		5B189CC51F8F54E0000B25FB /* RecordCell.swift */ = {isa = PBXFileReference; lastKnownFileType = sourcecode.swift; path = RecordCell.swift; sourceTree = "<group>"; };
		5B189CC71F8F54F3000B25FB /* RecordViewModel.swift */ = {isa = PBXFileReference; lastKnownFileType = sourcecode.swift; path = RecordViewModel.swift; sourceTree = "<group>"; };
		5B189CC91F8F5BB4000B25FB /* Plane.swift */ = {isa = PBXFileReference; lastKnownFileType = sourcecode.swift; path = Plane.swift; sourceTree = "<group>"; };
		5B189CCB1F8F66D5000B25FB /* FlightRecords.entitlements */ = {isa = PBXFileReference; lastKnownFileType = text.plist.entitlements; path = FlightRecords.entitlements; sourceTree = "<group>"; };
		5B189CCC1F8F678E000B25FB /* RealmViewModel.swift */ = {isa = PBXFileReference; lastKnownFileType = sourcecode.swift; path = RealmViewModel.swift; sourceTree = "<group>"; };
		5B189CCE1F909FBB000B25FB /* RecordViewModelTests.swift */ = {isa = PBXFileReference; lastKnownFileType = sourcecode.swift; path = RecordViewModelTests.swift; sourceTree = "<group>"; };
		5B279BA91FAB17A700090D7B /* Realm.framework */ = {isa = PBXFileReference; lastKnownFileType = wrapper.framework; name = Realm.framework; path = Carthage/Build/iOS/Realm.framework; sourceTree = "<group>"; };
		5B279BAA1FAB17A700090D7B /* RealmSwift.framework */ = {isa = PBXFileReference; lastKnownFileType = wrapper.framework; name = RealmSwift.framework; path = Carthage/Build/iOS/RealmSwift.framework; sourceTree = "<group>"; };
		5B279BB01FAB441500090D7B /* Base */ = {isa = PBXFileReference; lastKnownFileType = file.storyboard; name = Base; path = FlightRecords/Storyboards/FlightRecords/Storyboards/Base.lproj/planes.storyboard; sourceTree = "<group>"; };
		5B279BB21FAB46BF00090D7B /* PlanesTableViewController.swift */ = {isa = PBXFileReference; lastKnownFileType = sourcecode.swift; path = PlanesTableViewController.swift; sourceTree = "<group>"; };
		5B279BB41FAB46D700090D7B /* PlaneCell.swift */ = {isa = PBXFileReference; lastKnownFileType = sourcecode.swift; path = PlaneCell.swift; sourceTree = "<group>"; };
		5B279BB61FAB46F000090D7B /* PlaneViewModel.swift */ = {isa = PBXFileReference; lastKnownFileType = sourcecode.swift; path = PlaneViewModel.swift; sourceTree = "<group>"; };
		5B279BB81FAB46F900090D7B /* PlanesViewModel.swift */ = {isa = PBXFileReference; lastKnownFileType = sourcecode.swift; path = PlanesViewModel.swift; sourceTree = "<group>"; };
		5B279BBA1FAB513400090D7B /* PlaneViewModelTests.swift */ = {isa = PBXFileReference; lastKnownFileType = sourcecode.swift; path = PlaneViewModelTests.swift; sourceTree = "<group>"; };
		5B44B3F31F989D07004B1E65 /* AddFlightRecordViewModelTests.swift */ = {isa = PBXFileReference; lastKnownFileType = sourcecode.swift; path = AddFlightRecordViewModelTests.swift; sourceTree = "<group>"; };
		5B44B3F71F98A966004B1E65 /* UITableViewControllerExtension.swift */ = {isa = PBXFileReference; lastKnownFileType = sourcecode.swift; path = UITableViewControllerExtension.swift; sourceTree = "<group>"; };
		5B678F1D1FB44D15000C09E4 /* AddPlaneViewController.swift */ = {isa = PBXFileReference; lastKnownFileType = sourcecode.swift; path = AddPlaneViewController.swift; sourceTree = "<group>"; };
		5B678F1F1FB44EA0000C09E4 /* AddPlaneViewModel.swift */ = {isa = PBXFileReference; lastKnownFileType = sourcecode.swift; path = AddPlaneViewModel.swift; sourceTree = "<group>"; };
		5B7309521F8015F70026152E /* FlightRecords.app */ = {isa = PBXFileReference; explicitFileType = wrapper.application; includeInIndex = 0; path = FlightRecords.app; sourceTree = BUILT_PRODUCTS_DIR; };
		5B7309551F8015F70026152E /* AppDelegate.swift */ = {isa = PBXFileReference; lastKnownFileType = sourcecode.swift; path = AppDelegate.swift; sourceTree = "<group>"; };
		5B73095A1F8015F70026152E /* Base */ = {isa = PBXFileReference; lastKnownFileType = file.storyboard; name = Base; path = Base.lproj/Main.storyboard; sourceTree = "<group>"; };
		5B73095C1F8015F70026152E /* Assets.xcassets */ = {isa = PBXFileReference; lastKnownFileType = folder.assetcatalog; path = Assets.xcassets; sourceTree = "<group>"; };
		5B73095F1F8015F70026152E /* Base */ = {isa = PBXFileReference; lastKnownFileType = file.storyboard; name = Base; path = Base.lproj/LaunchScreen.storyboard; sourceTree = "<group>"; };
		5B7309611F8015F70026152E /* Info.plist */ = {isa = PBXFileReference; lastKnownFileType = text.plist.xml; path = Info.plist; sourceTree = "<group>"; };
		5B7309661F8015F70026152E /* FlightRecordsTests.xctest */ = {isa = PBXFileReference; explicitFileType = wrapper.cfbundle; includeInIndex = 0; path = FlightRecordsTests.xctest; sourceTree = BUILT_PRODUCTS_DIR; };
		5B73096C1F8015F70026152E /* Info.plist */ = {isa = PBXFileReference; lastKnownFileType = text.plist.xml; path = Info.plist; sourceTree = "<group>"; };
		5B7309771F80219A0026152E /* ReactiveCocoa.framework */ = {isa = PBXFileReference; lastKnownFileType = wrapper.framework; name = ReactiveCocoa.framework; path = Carthage/Build/iOS/ReactiveCocoa.framework; sourceTree = "<group>"; };
		5B7309781F80219A0026152E /* Result.framework */ = {isa = PBXFileReference; lastKnownFileType = wrapper.framework; name = Result.framework; path = Carthage/Build/iOS/Result.framework; sourceTree = "<group>"; };
		5B7309791F80219A0026152E /* ReactiveSwift.framework */ = {isa = PBXFileReference; lastKnownFileType = wrapper.framework; name = ReactiveSwift.framework; path = Carthage/Build/iOS/ReactiveSwift.framework; sourceTree = "<group>"; };
		5B7ACA051FD930DB001AAEC4 /* Base */ = {isa = PBXFileReference; lastKnownFileType = file.storyboard; name = Base; path = FlightRecords/Storyboards/Base.lproj/limits.storyboard; sourceTree = "<group>"; };
		5B7ACA071FD93599001AAEC4 /* LimitsViewController.swift */ = {isa = PBXFileReference; lastKnownFileType = sourcecode.swift; path = LimitsViewController.swift; sourceTree = "<group>"; };
		5B7ACA091FD935B3001AAEC4 /* LimitsViewModel.swift */ = {isa = PBXFileReference; lastKnownFileType = sourcecode.swift; path = LimitsViewModel.swift; sourceTree = "<group>"; };
		5B7ACA0B1FD9786D001AAEC4 /* PersonalInformationsViewModelTests.swift */ = {isa = PBXFileReference; lastKnownFileType = sourcecode.swift; path = PersonalInformationsViewModelTests.swift; sourceTree = "<group>"; };
		5B7ACA0D1FD97E44001AAEC4 /* LimitsViewModelTests.swift */ = {isa = PBXFileReference; lastKnownFileType = sourcecode.swift; path = LimitsViewModelTests.swift; sourceTree = "<group>"; };
		5B7B4E9120160BF6007C22A9 /* StatisticsViewModelTests.swift */ = {isa = PBXFileReference; lastKnownFileType = sourcecode.swift; path = StatisticsViewModelTests.swift; sourceTree = "<group>"; };
		5B7F4B201FDA90C700A435AE /* Base */ = {isa = PBXFileReference; lastKnownFileType = file.storyboard; name = Base; path = FlightRecords/Storyboards/FlightRecords/Storyboards/Base.lproj/medicalCertificates.storyboard; sourceTree = "<group>"; };
		5B7F4B221FDA921900A435AE /* MedicalCertificatesViewController.swift */ = {isa = PBXFileReference; lastKnownFileType = sourcecode.swift; path = MedicalCertificatesViewController.swift; sourceTree = "<group>"; };
		5B7F4B241FDA923000A435AE /* CertificateViewCell.swift */ = {isa = PBXFileReference; lastKnownFileType = sourcecode.swift; path = CertificateViewCell.swift; sourceTree = "<group>"; };
		5B7F4B281FDA92BE00A435AE /* MedicalCertificatesViewModel.swift */ = {isa = PBXFileReference; lastKnownFileType = sourcecode.swift; path = MedicalCertificatesViewModel.swift; sourceTree = "<group>"; };
		5B7F4B2A1FDA92D300A435AE /* CertificateViewModel.swift */ = {isa = PBXFileReference; lastKnownFileType = sourcecode.swift; path = CertificateViewModel.swift; sourceTree = "<group>"; };
		5B7F4B2C1FDA98A400A435AE /* MedicalCertificate.swift */ = {isa = PBXFileReference; lastKnownFileType = sourcecode.swift; path = MedicalCertificate.swift; sourceTree = "<group>"; };
		5B7F4B2E1FDABD0400A435AE /* CertificateViewModelTests.swift */ = {isa = PBXFileReference; lastKnownFileType = sourcecode.swift; path = CertificateViewModelTests.swift; sourceTree = "<group>"; };
		5B7F4B321FDAC08700A435AE /* RealmTableViewModel.swift */ = {isa = PBXFileReference; lastKnownFileType = sourcecode.swift; path = RealmTableViewModel.swift; sourceTree = "<group>"; };
		5B9963541FB5C56C00DA104B /* Protocols.swift */ = {isa = PBXFileReference; lastKnownFileType = sourcecode.swift; path = Protocols.swift; sourceTree = "<group>"; };
		5B9A17C51F90BA1E003589B5 /* RecordsViewModelTests.swift */ = {isa = PBXFileReference; lastKnownFileType = sourcecode.swift; path = RecordsViewModelTests.swift; sourceTree = "<group>"; };
		5B9A17D61F9234AC003589B5 /* TestCaseBase.swift */ = {isa = PBXFileReference; lastKnownFileType = sourcecode.swift; path = TestCaseBase.swift; sourceTree = "<group>"; };
		5B9A17D81F924AC1003589B5 /* RecordsTableViewControllerTests.swift */ = {isa = PBXFileReference; lastKnownFileType = sourcecode.swift; path = RecordsTableViewControllerTests.swift; sourceTree = "<group>"; };
		5BA8DE041FB4CB5800A7A5A4 /* AddPlaneViewModelTests.swift */ = {isa = PBXFileReference; lastKnownFileType = sourcecode.swift; path = AddPlaneViewModelTests.swift; sourceTree = "<group>"; };
		5BB958411FAC6FAF0073AF55 /* PlanesTableViewControllerTests.swift */ = {isa = PBXFileReference; lastKnownFileType = sourcecode.swift; path = PlanesTableViewControllerTests.swift; sourceTree = "<group>"; };
		5BB958451FAC87C20073AF55 /* PlanesViewModelTests.swift */ = {isa = PBXFileReference; lastKnownFileType = sourcecode.swift; path = PlanesViewModelTests.swift; sourceTree = "<group>"; };
		5BC76B9A1FCEAE3B00852021 /* SearchViewModelTests.swift */ = {isa = PBXFileReference; lastKnownFileType = sourcecode.swift; path = SearchViewModelTests.swift; sourceTree = "<group>"; };
		5BCDC1F92015D6E0006D7966 /* Base */ = {isa = PBXFileReference; lastKnownFileType = file.storyboard; name = Base; path = FlightRecords/Storyboards/FlightRecords/Storyboards/Base.lproj/statistics.storyboard; sourceTree = "<group>"; };
		5BCDC1FB2015D957006D7966 /* StatisticsViewController.swift */ = {isa = PBXFileReference; lastKnownFileType = sourcecode.swift; path = StatisticsViewController.swift; sourceTree = "<group>"; };
		5BCDC1FD2015D982006D7966 /* StatisticsViewModel.swift */ = {isa = PBXFileReference; lastKnownFileType = sourcecode.swift; path = StatisticsViewModel.swift; sourceTree = "<group>"; };
		5BCDC1FF2015DB67006D7966 /* Filter.swift */ = {isa = PBXFileReference; lastKnownFileType = sourcecode.swift; path = Filter.swift; sourceTree = "<group>"; };
		5BCF69021FA9C89700F19577 /* NoteViewController.swift */ = {isa = PBXFileReference; lastKnownFileType = sourcecode.swift; path = NoteViewController.swift; sourceTree = "<group>"; };
		5BCF69041FA9D01E00F19577 /* NoteViewModel.swift */ = {isa = PBXFileReference; lastKnownFileType = sourcecode.swift; path = NoteViewModel.swift; sourceTree = "<group>"; };
		5BD6DC4B1FC81BB200140F34 /* Base */ = {isa = PBXFileReference; lastKnownFileType = file.storyboard; name = Base; path = FlightRecords/Storyboards/Base.lproj/search.storyboard; sourceTree = "<group>"; };
		5BD6DC4D1FC81FEB00140F34 /* SearchViewController.swift */ = {isa = PBXFileReference; lastKnownFileType = sourcecode.swift; path = SearchViewController.swift; sourceTree = "<group>"; };
		5BD6DC4F1FC8201C00140F34 /* SearchViewModel.swift */ = {isa = PBXFileReference; lastKnownFileType = sourcecode.swift; path = SearchViewModel.swift; sourceTree = "<group>"; };
		5BD6DC511FC8205200140F34 /* SearchConfiguration.swift */ = {isa = PBXFileReference; lastKnownFileType = sourcecode.swift; path = SearchConfiguration.swift; sourceTree = "<group>"; };
		5BECAE031F98BEE600A3EA49 /* Base */ = {isa = PBXFileReference; lastKnownFileType = file.storyboard; name = Base; path = FlightRecords/Storyboards/Base.lproj/addFlightRecord.storyboard; sourceTree = "<group>"; };
		5BF695411FCFF81900D6B9CA /* Base */ = {isa = PBXFileReference; lastKnownFileType = file.storyboard; name = Base; path = FlightRecords/Storyboards/Base.lproj/profile.storyboard; sourceTree = "<group>"; };
		5BF695441FD0098A00D6B9CA /* cs */ = {isa = PBXFileReference; lastKnownFileType = text.plist.strings; name = cs; path = FlightRecords/Storyboards/cs.lproj/addFlightRecord.strings; sourceTree = "<group>"; };
		5BF695451FD00A0D00D6B9CA /* PersonalInformationsViewController.swift */ = {isa = PBXFileReference; lastKnownFileType = sourcecode.swift; path = PersonalInformationsViewController.swift; sourceTree = "<group>"; };
		5BF695471FD00A3400D6B9CA /* PersonalInformationsViewModel.swift */ = {isa = PBXFileReference; lastKnownFileType = sourcecode.swift; path = PersonalInformationsViewModel.swift; sourceTree = "<group>"; };
		5BF695491FD00A6D00D6B9CA /* PersonalInformations.swift */ = {isa = PBXFileReference; lastKnownFileType = sourcecode.swift; path = PersonalInformations.swift; sourceTree = "<group>"; };
		5BF6954B1FD00E7A00D6B9CA /* DateFormatterExtension.swift */ = {isa = PBXFileReference; lastKnownFileType = sourcecode.swift; path = DateFormatterExtension.swift; sourceTree = "<group>"; };
		5BF6954D1FD00EB700D6B9CA /* UIViewControllerExtension.swift */ = {isa = PBXFileReference; lastKnownFileType = sourcecode.swift; path = UIViewControllerExtension.swift; sourceTree = "<group>"; };
/* End PBXFileReference section */

/* Begin PBXFrameworksBuildPhase section */
		5B73094F1F8015F70026152E /* Frameworks */ = {
			isa = PBXFrameworksBuildPhase;
			buildActionMask = 2147483647;
			files = (
				5B73097A1F80219A0026152E /* ReactiveCocoa.framework in Frameworks */,
				5B73097B1F80219A0026152E /* Result.framework in Frameworks */,
				5B73097C1F80219B0026152E /* ReactiveSwift.framework in Frameworks */,
				5B279BAB1FAB17A700090D7B /* Realm.framework in Frameworks */,
				5B279BAC1FAB17A700090D7B /* RealmSwift.framework in Frameworks */,
			);
			runOnlyForDeploymentPostprocessing = 0;
		};
		5B7309631F8015F70026152E /* Frameworks */ = {
			isa = PBXFrameworksBuildPhase;
			buildActionMask = 2147483647;
			files = (
				5B9A17D31F90F075003589B5 /* ReactiveCocoa.framework in Frameworks */,
				5B9A17D41F90F075003589B5 /* ReactiveSwift.framework in Frameworks */,
				5B9A17D51F90F075003589B5 /* Result.framework in Frameworks */,
				5B279BAD1FAB1BBF00090D7B /* Realm.framework in Frameworks */,
				5B279BAE1FAB1BBF00090D7B /* RealmSwift.framework in Frameworks */,
			);
			runOnlyForDeploymentPostprocessing = 0;
		};
/* End PBXFrameworksBuildPhase section */

/* Begin PBXGroup section */
		5B001F041F9751240055870A /* Translations */ = {
			isa = PBXGroup;
			children = (
				5B001F001F97510F0055870A /* Localizable.strings */,
			);
			path = Translations;
			sourceTree = "<group>";
		};
		5B001F091F97609A0055870A /* Extension */ = {
			isa = PBXGroup;
			children = (
				5B44B3F71F98A966004B1E65 /* UITableViewControllerExtension.swift */,
				5BF6954B1FD00E7A00D6B9CA /* DateFormatterExtension.swift */,
				5BF6954D1FD00EB700D6B9CA /* UIViewControllerExtension.swift */,
			);
			path = Extension;
			sourceTree = "<group>";
		};
		5B11C8942007728B00D324D8 /* ControllersVMs */ = {
			isa = PBXGroup;
			children = (
				5B9A17C51F90BA1E003589B5 /* RecordsViewModelTests.swift */,
				5B44B3F31F989D07004B1E65 /* AddFlightRecordViewModelTests.swift */,
				5BB958451FAC87C20073AF55 /* PlanesViewModelTests.swift */,
				5BA8DE041FB4CB5800A7A5A4 /* AddPlaneViewModelTests.swift */,
				5B16948C1FBDACD9000A2B9D /* AddSimulatorRecordViewModelTests.swift */,
				5BC76B9A1FCEAE3B00852021 /* SearchViewModelTests.swift */,
				5B7ACA0B1FD9786D001AAEC4 /* PersonalInformationsViewModelTests.swift */,
				5B7ACA0D1FD97E44001AAEC4 /* LimitsViewModelTests.swift */,
				5B11C8922007727100D324D8 /* AddMedicalCertificateViewModelTests.swift */,
				5B7B4E9120160BF6007C22A9 /* StatisticsViewModelTests.swift */,
			);
			path = ControllersVMs;
			sourceTree = "<group>";
		};
		5B11C8952007729100D324D8 /* CellsVMs */ = {
			isa = PBXGroup;
			children = (
				5B189CCE1F909FBB000B25FB /* RecordViewModelTests.swift */,
				5B279BBA1FAB513400090D7B /* PlaneViewModelTests.swift */,
				5B7F4B2E1FDABD0400A435AE /* CertificateViewModelTests.swift */,
			);
			path = CellsVMs;
			sourceTree = "<group>";
		};
		5B189CC21F8F5491000B25FB /* Model */ = {
			isa = PBXGroup;
			children = (
				5B189CC01F8F53EF000B25FB /* Record.swift */,
				5B189CC91F8F5BB4000B25FB /* Plane.swift */,
				5BD6DC511FC8205200140F34 /* SearchConfiguration.swift */,
				5BF695491FD00A6D00D6B9CA /* PersonalInformations.swift */,
				5B7F4B2C1FDA98A400A435AE /* MedicalCertificate.swift */,
				5BCDC1FF2015DB67006D7966 /* Filter.swift */,
			);
			path = Model;
			sourceTree = "<group>";
		};
		5B189CC31F8F549D000B25FB /* ViewModel */ = {
			isa = PBXGroup;
			children = (
				5B189CCC1F8F678E000B25FB /* RealmViewModel.swift */,
				5B7F4B321FDAC08700A435AE /* RealmTableViewModel.swift */,
				5B7F4B261FDA926C00A435AE /* ControllersVMs */,
				5B7F4B271FDA929A00A435AE /* CellsVMs */,
			);
			path = ViewModel;
			sourceTree = "<group>";
		};
		5B189CC41F8F54A4000B25FB /* View */ = {
			isa = PBXGroup;
			children = (
				5B9963541FB5C56C00DA104B /* Protocols.swift */,
				5B1694871FBD8E6F000A2B9D /* RecordTableViewController.swift */,
				5B678F1B1FB44C8D000C09E4 /* Controllers */,
				5B678F1C1FB44CA4000C09E4 /* Cells */,
			);
			path = View;
			sourceTree = "<group>";
		};
		5B678F1B1FB44C8D000C09E4 /* Controllers */ = {
			isa = PBXGroup;
			children = (
				5B189CBC1F8F5368000B25FB /* RecordsTableViewController.swift */,
				5B001F051F9758150055870A /* AddFlightRecordViewController.swift */,
				5BCF69021FA9C89700F19577 /* NoteViewController.swift */,
				5B279BB21FAB46BF00090D7B /* PlanesTableViewController.swift */,
				5B678F1D1FB44D15000C09E4 /* AddPlaneViewController.swift */,
				5B1694831FBD8545000A2B9D /* AddSimulatorRecordTableViewController.swift */,
				5BD6DC4D1FC81FEB00140F34 /* SearchViewController.swift */,
				5BF695451FD00A0D00D6B9CA /* PersonalInformationsViewController.swift */,
				5B7ACA071FD93599001AAEC4 /* LimitsViewController.swift */,
				5B7F4B221FDA921900A435AE /* MedicalCertificatesViewController.swift */,
				5B0C4D4D1FEBA592001CBF24 /* AddMedicalCertificateViewController.swift */,
				5BCDC1FB2015D957006D7966 /* StatisticsViewController.swift */,
			);
			path = Controllers;
			sourceTree = "<group>";
		};
		5B678F1C1FB44CA4000C09E4 /* Cells */ = {
			isa = PBXGroup;
			children = (
				5B189CC51F8F54E0000B25FB /* RecordCell.swift */,
				5B279BB41FAB46D700090D7B /* PlaneCell.swift */,
				5B7F4B241FDA923000A435AE /* CertificateViewCell.swift */,
			);
			path = Cells;
			sourceTree = "<group>";
		};
		5B7309491F8015F70026152E = {
			isa = PBXGroup;
			children = (
				5B7309541F8015F70026152E /* FlightRecords */,
				5B7309691F8015F70026152E /* FlightRecordsTests */,
				5B7309531F8015F70026152E /* Products */,
				5B7309761F80219A0026152E /* Frameworks */,
			);
			sourceTree = "<group>";
		};
		5B7309531F8015F70026152E /* Products */ = {
			isa = PBXGroup;
			children = (
				5B7309521F8015F70026152E /* FlightRecords.app */,
				5B7309661F8015F70026152E /* FlightRecordsTests.xctest */,
			);
			name = Products;
			sourceTree = "<group>";
		};
		5B7309541F8015F70026152E /* FlightRecords */ = {
			isa = PBXGroup;
			children = (
				5BECADFF1F98BDE400A3EA49 /* Storyboards */,
				5B001F091F97609A0055870A /* Extension */,
				5B001F041F9751240055870A /* Translations */,
				5B189CCB1F8F66D5000B25FB /* FlightRecords.entitlements */,
				5B7309751F8016180026152E /* Supporting Files */,
				5B189CC41F8F54A4000B25FB /* View */,
				5B189CC31F8F549D000B25FB /* ViewModel */,
				5B189CC21F8F5491000B25FB /* Model */,
				5B7309611F8015F70026152E /* Info.plist */,
			);
			path = FlightRecords;
			sourceTree = "<group>";
		};
		5B7309691F8015F70026152E /* FlightRecordsTests */ = {
			isa = PBXGroup;
			children = (
				5B9A17D61F9234AC003589B5 /* TestCaseBase.swift */,
				5BB958401FAC6F520073AF55 /* ViewModel */,
				5BB9583F1FAC6F280073AF55 /* View */,
				5B73096C1F8015F70026152E /* Info.plist */,
			);
			path = FlightRecordsTests;
			sourceTree = "<group>";
		};
		5B7309751F8016180026152E /* Supporting Files */ = {
			isa = PBXGroup;
			children = (
				5B7309551F8015F70026152E /* AppDelegate.swift */,
				5B73095C1F8015F70026152E /* Assets.xcassets */,
				5B73095E1F8015F70026152E /* LaunchScreen.storyboard */,
			);
			path = "Supporting Files";
			sourceTree = "<group>";
		};
		5B7309761F80219A0026152E /* Frameworks */ = {
			isa = PBXGroup;
			children = (
				5B279BA91FAB17A700090D7B /* Realm.framework */,
				5B279BAA1FAB17A700090D7B /* RealmSwift.framework */,
				5B7309771F80219A0026152E /* ReactiveCocoa.framework */,
				5B7309791F80219A0026152E /* ReactiveSwift.framework */,
				5B7309781F80219A0026152E /* Result.framework */,
			);
			name = Frameworks;
			sourceTree = "<group>";
		};
		5B7F4B261FDA926C00A435AE /* ControllersVMs */ = {
			isa = PBXGroup;
			children = (
				5B189CBE1F8F53D4000B25FB /* RecordsViewModel.swift */,
				5B001F071F975E710055870A /* AddFlightViewModel.swift */,
				5BCF69041FA9D01E00F19577 /* NoteViewModel.swift */,
				5B279BB81FAB46F900090D7B /* PlanesViewModel.swift */,
				5B678F1F1FB44EA0000C09E4 /* AddPlaneViewModel.swift */,
				5B1694851FBD8680000A2B9D /* AddSimulatorRecordViewModel.swift */,
				5BD6DC4F1FC8201C00140F34 /* SearchViewModel.swift */,
				5BF695471FD00A3400D6B9CA /* PersonalInformationsViewModel.swift */,
				5B7ACA091FD935B3001AAEC4 /* LimitsViewModel.swift */,
				5B7F4B281FDA92BE00A435AE /* MedicalCertificatesViewModel.swift */,
				5B0C4D4F1FEBA6C3001CBF24 /* AddMedicalCertificateViewModel.swift */,
				5BCDC1FD2015D982006D7966 /* StatisticsViewModel.swift */,
			);
			path = ControllersVMs;
			sourceTree = "<group>";
		};
		5B7F4B271FDA929A00A435AE /* CellsVMs */ = {
			isa = PBXGroup;
			children = (
				5B189CC71F8F54F3000B25FB /* RecordViewModel.swift */,
				5B279BB61FAB46F000090D7B /* PlaneViewModel.swift */,
				5B7F4B2A1FDA92D300A435AE /* CertificateViewModel.swift */,
			);
			path = CellsVMs;
			sourceTree = "<group>";
		};
		5BB9583F1FAC6F280073AF55 /* View */ = {
			isa = PBXGroup;
			children = (
				5B9A17D81F924AC1003589B5 /* RecordsTableViewControllerTests.swift */,
				5BB958411FAC6FAF0073AF55 /* PlanesTableViewControllerTests.swift */,
			);
			path = View;
			sourceTree = "<group>";
		};
		5BB958401FAC6F520073AF55 /* ViewModel */ = {
			isa = PBXGroup;
			children = (
				5B11C8942007728B00D324D8 /* ControllersVMs */,
				5B11C8952007729100D324D8 /* CellsVMs */,
			);
			path = ViewModel;
			sourceTree = "<group>";
		};
		5BECADFF1F98BDE400A3EA49 /* Storyboards */ = {
			isa = PBXGroup;
			children = (
				5BCDC1F82015D6E0006D7966 /* statistics.storyboard */,
				5B7F4B1F1FDA90C700A435AE /* medicalCertificates.storyboard */,
				5B7ACA041FD930DB001AAEC4 /* limits.storyboard */,
				5BF695401FCFF81900D6B9CA /* profile.storyboard */,
				5BD6DC4A1FC81BB200140F34 /* search.storyboard */,
				5B1694801FBD843A000A2B9D /* addSimulatorRecord.storyboard */,
				5B279BAF1FAB441500090D7B /* planes.storyboard */,
				5B1694891FBD928C000A2B9D /* note.storyboard */,
				5BECAE021F98BEE600A3EA49 /* addFlightRecord.storyboard */,
				5B7309591F8015F70026152E /* Main.storyboard */,
			);
			path = Storyboards;
			sourceTree = "<group>";
		};
/* End PBXGroup section */

/* Begin PBXNativeTarget section */
		5B7309511F8015F70026152E /* FlightRecords */ = {
			isa = PBXNativeTarget;
			buildConfigurationList = 5B73096F1F8015F70026152E /* Build configuration list for PBXNativeTarget "FlightRecords" */;
			buildPhases = (
				5B73094E1F8015F70026152E /* Sources */,
				5B73094F1F8015F70026152E /* Frameworks */,
				5B7309501F8015F70026152E /* Resources */,
				5B73097D1F8021B60026152E /* ShellScript */,
			);
			buildRules = (
			);
			dependencies = (
			);
			name = FlightRecords;
			productName = FlightRecords;
			productReference = 5B7309521F8015F70026152E /* FlightRecords.app */;
			productType = "com.apple.product-type.application";
		};
		5B7309651F8015F70026152E /* FlightRecordsTests */ = {
			isa = PBXNativeTarget;
			buildConfigurationList = 5B7309721F8015F70026152E /* Build configuration list for PBXNativeTarget "FlightRecordsTests" */;
			buildPhases = (
				5B7309621F8015F70026152E /* Sources */,
				5B7309631F8015F70026152E /* Frameworks */,
				5B7309641F8015F70026152E /* Resources */,
			);
			buildRules = (
			);
			dependencies = (
				5B7309681F8015F70026152E /* PBXTargetDependency */,
			);
			name = FlightRecordsTests;
			productName = FlightRecordsTests;
			productReference = 5B7309661F8015F70026152E /* FlightRecordsTests.xctest */;
			productType = "com.apple.product-type.bundle.unit-test";
		};
/* End PBXNativeTarget section */

/* Begin PBXProject section */
		5B73094A1F8015F70026152E /* Project object */ = {
			isa = PBXProject;
			attributes = {
				LastSwiftUpdateCheck = 0900;
				LastUpgradeCheck = 0900;
				ORGANIZATIONNAME = "Martin Zid";
				TargetAttributes = {
					5B7309511F8015F70026152E = {
						CreatedOnToolsVersion = 9.0;
						ProvisioningStyle = Automatic;
						SystemCapabilities = {
							com.apple.Keychain = {
								enabled = 1;
							};
							com.apple.Push = {
								enabled = 1;
							};
							com.apple.iCloud = {
								enabled = 0;
							};
						};
					};
					5B7309651F8015F70026152E = {
						CreatedOnToolsVersion = 9.0;
						ProvisioningStyle = Automatic;
						TestTargetID = 5B7309511F8015F70026152E;
					};
				};
			};
			buildConfigurationList = 5B73094D1F8015F70026152E /* Build configuration list for PBXProject "FlightRecords" */;
			compatibilityVersion = "Xcode 8.0";
			developmentRegion = en;
			hasScannedForEncodings = 0;
			knownRegions = (
				en,
				Base,
				cs,
			);
			mainGroup = 5B7309491F8015F70026152E;
			productRefGroup = 5B7309531F8015F70026152E /* Products */;
			projectDirPath = "";
			projectRoot = "";
			targets = (
				5B7309511F8015F70026152E /* FlightRecords */,
				5B7309651F8015F70026152E /* FlightRecordsTests */,
			);
		};
/* End PBXProject section */

/* Begin PBXResourcesBuildPhase section */
		5B7309501F8015F70026152E /* Resources */ = {
			isa = PBXResourcesBuildPhase;
			buildActionMask = 2147483647;
			files = (
				5B001F021F97510F0055870A /* Localizable.strings in Resources */,
				5B279BB11FAB441500090D7B /* planes.storyboard in Resources */,
				5BCDC1FA2015D6E0006D7966 /* statistics.storyboard in Resources */,
				5B7ACA061FD930DB001AAEC4 /* limits.storyboard in Resources */,
				5BF695421FCFF81900D6B9CA /* profile.storyboard in Resources */,
				5BD6DC4C1FC81BB200140F34 /* search.storyboard in Resources */,
				5BECAE041F98BEE600A3EA49 /* addFlightRecord.storyboard in Resources */,
				5B7F4B211FDA90C700A435AE /* medicalCertificates.storyboard in Resources */,
				5B7309601F8015F70026152E /* LaunchScreen.storyboard in Resources */,
				5B16948B1FBD928C000A2B9D /* note.storyboard in Resources */,
				5B73095D1F8015F70026152E /* Assets.xcassets in Resources */,
				5B73095B1F8015F70026152E /* Main.storyboard in Resources */,
				5B1694821FBD843A000A2B9D /* addSimulatorRecord.storyboard in Resources */,
			);
			runOnlyForDeploymentPostprocessing = 0;
		};
		5B7309641F8015F70026152E /* Resources */ = {
			isa = PBXResourcesBuildPhase;
			buildActionMask = 2147483647;
			files = (
			);
			runOnlyForDeploymentPostprocessing = 0;
		};
/* End PBXResourcesBuildPhase section */

/* Begin PBXShellScriptBuildPhase section */
		5B73097D1F8021B60026152E /* ShellScript */ = {
			isa = PBXShellScriptBuildPhase;
			buildActionMask = 8;
			files = (
			);
			inputPaths = (
				"$(SRCROOT)/Carthage/Build/iOS/Result.framework",
				"$(SRCROOT)/Carthage/Build/iOS/ReactiveSwift.framework",
				"$(SRCROOT)/Carthage/Build/iOS/ReactiveCocoa.framework",
				"$(SRCROOT)/Carthage/Build/iOS/Realm.framework",
				"$(SRCROOT)/Carthage/Build/iOS/RealmSwift.framework",
			);
			outputPaths = (
				"$(DERIVED_FILE_DIR)/$(FRAMEWORKS_FOLDER_PATH)/Result.framework",
				"$(DERIVED_FILE_DIR)/$(FRAMEWORKS_FOLDER_PATH)/ReactiveSwift.framework",
				"$(DERIVED_FILE_DIR)/$(FRAMEWORKS_FOLDER_PATH)/ReactiveCocoa.framework",
			);
			runOnlyForDeploymentPostprocessing = 1;
			shellPath = /bin/sh;
			shellScript = "/usr/local/bin/carthage copy-frameworks\n";
			showEnvVarsInLog = 0;
		};
/* End PBXShellScriptBuildPhase section */

/* Begin PBXSourcesBuildPhase section */
		5B73094E1F8015F70026152E /* Sources */ = {
			isa = PBXSourcesBuildPhase;
			buildActionMask = 2147483647;
			files = (
				5BCF69051FA9D01E00F19577 /* NoteViewModel.swift in Sources */,
				5B189CBF1F8F53D4000B25FB /* RecordsViewModel.swift in Sources */,
				5B7F4B291FDA92BE00A435AE /* MedicalCertificatesViewModel.swift in Sources */,
				5B7ACA0A1FD935B3001AAEC4 /* LimitsViewModel.swift in Sources */,
				5B7F4B251FDA923000A435AE /* CertificateViewCell.swift in Sources */,
				5BF6954C1FD00E7A00D6B9CA /* DateFormatterExtension.swift in Sources */,
				5B0C4D4E1FEBA592001CBF24 /* AddMedicalCertificateViewController.swift in Sources */,
				5B1694881FBD8E6F000A2B9D /* RecordTableViewController.swift in Sources */,
				5B189CBD1F8F5368000B25FB /* RecordsTableViewController.swift in Sources */,
				5B279BB31FAB46BF00090D7B /* PlanesTableViewController.swift in Sources */,
				5B7F4B331FDAC08700A435AE /* RealmTableViewModel.swift in Sources */,
				5B7ACA081FD93599001AAEC4 /* LimitsViewController.swift in Sources */,
				5B7F4B231FDA921900A435AE /* MedicalCertificatesViewController.swift in Sources */,
				5BCDC2002015DB67006D7966 /* Filter.swift in Sources */,
				5B279BB71FAB46F000090D7B /* PlaneViewModel.swift in Sources */,
				5B001F061F9758150055870A /* AddFlightRecordViewController.swift in Sources */,
				5BCF69031FA9C89700F19577 /* NoteViewController.swift in Sources */,
				5B44B3F81F98A966004B1E65 /* UITableViewControllerExtension.swift in Sources */,
				5B189CC11F8F53EF000B25FB /* Record.swift in Sources */,
				5B1694861FBD8680000A2B9D /* AddSimulatorRecordViewModel.swift in Sources */,
				5B7F4B2D1FDA98A400A435AE /* MedicalCertificate.swift in Sources */,
				5B678F201FB44EA0000C09E4 /* AddPlaneViewModel.swift in Sources */,
				5BD6DC521FC8205200140F34 /* SearchConfiguration.swift in Sources */,
				5B1694841FBD8545000A2B9D /* AddSimulatorRecordTableViewController.swift in Sources */,
				5B678F1E1FB44D15000C09E4 /* AddPlaneViewController.swift in Sources */,
				5B0C4D501FEBA6C3001CBF24 /* AddMedicalCertificateViewModel.swift in Sources */,
				5B189CC61F8F54E0000B25FB /* RecordCell.swift in Sources */,
				5B279BB51FAB46D700090D7B /* PlaneCell.swift in Sources */,
				5BCDC1FE2015D982006D7966 /* StatisticsViewModel.swift in Sources */,
				5BCDC1FC2015D957006D7966 /* StatisticsViewController.swift in Sources */,
				5BF6954E1FD00EB700D6B9CA /* UIViewControllerExtension.swift in Sources */,
				5BF6954A1FD00A6D00D6B9CA /* PersonalInformations.swift in Sources */,
				5B279BB91FAB46F900090D7B /* PlanesViewModel.swift in Sources */,
				5B189CCD1F8F678E000B25FB /* RealmViewModel.swift in Sources */,
				5B7F4B2B1FDA92D300A435AE /* CertificateViewModel.swift in Sources */,
				5BF695461FD00A0D00D6B9CA /* PersonalInformationsViewController.swift in Sources */,
				5BD6DC4E1FC81FEB00140F34 /* SearchViewController.swift in Sources */,
				5B001F081F975E710055870A /* AddFlightViewModel.swift in Sources */,
				5B9963551FB5C56C00DA104B /* Protocols.swift in Sources */,
				5BF695481FD00A3400D6B9CA /* PersonalInformationsViewModel.swift in Sources */,
				5BD6DC501FC8201C00140F34 /* SearchViewModel.swift in Sources */,
				5B7309561F8015F70026152E /* AppDelegate.swift in Sources */,
				5B189CC81F8F54F3000B25FB /* RecordViewModel.swift in Sources */,
				5B189CCA1F8F5BB4000B25FB /* Plane.swift in Sources */,
			);
			runOnlyForDeploymentPostprocessing = 0;
		};
		5B7309621F8015F70026152E /* Sources */ = {
			isa = PBXSourcesBuildPhase;
			buildActionMask = 2147483647;
			files = (
				5B9A17D71F9234AC003589B5 /* TestCaseBase.swift in Sources */,
				5BC76B9B1FCEAE3B00852021 /* SearchViewModelTests.swift in Sources */,
				5BB958421FAC6FAF0073AF55 /* PlanesTableViewControllerTests.swift in Sources */,
				5B7B4E9220160BF6007C22A9 /* StatisticsViewModelTests.swift in Sources */,
				5BA8DE051FB4CB5800A7A5A4 /* AddPlaneViewModelTests.swift in Sources */,
				5BB958461FAC87C20073AF55 /* PlanesViewModelTests.swift in Sources */,
				5B279BBB1FAB513400090D7B /* PlaneViewModelTests.swift in Sources */,
				5B9A17C61F90BA1E003589B5 /* RecordsViewModelTests.swift in Sources */,
				5B16948D1FBDACD9000A2B9D /* AddSimulatorRecordViewModelTests.swift in Sources */,
				5B7ACA0E1FD97E44001AAEC4 /* LimitsViewModelTests.swift in Sources */,
				5B9A17D91F924AC1003589B5 /* RecordsTableViewControllerTests.swift in Sources */,
				5B7F4B2F1FDABD0400A435AE /* CertificateViewModelTests.swift in Sources */,
				5B44B3F41F989D07004B1E65 /* AddFlightRecordViewModelTests.swift in Sources */,
				5B189CCF1F909FBB000B25FB /* RecordViewModelTests.swift in Sources */,
				5B7ACA0C1FD9786D001AAEC4 /* PersonalInformationsViewModelTests.swift in Sources */,
				5B11C8932007727100D324D8 /* AddMedicalCertificateViewModelTests.swift in Sources */,
			);
			runOnlyForDeploymentPostprocessing = 0;
		};
/* End PBXSourcesBuildPhase section */

/* Begin PBXTargetDependency section */
		5B7309681F8015F70026152E /* PBXTargetDependency */ = {
			isa = PBXTargetDependency;
			target = 5B7309511F8015F70026152E /* FlightRecords */;
			targetProxy = 5B7309671F8015F70026152E /* PBXContainerItemProxy */;
		};
/* End PBXTargetDependency section */

/* Begin PBXVariantGroup section */
		5B001F001F97510F0055870A /* Localizable.strings */ = {
			isa = PBXVariantGroup;
			children = (
				5B001F011F97510F0055870A /* Base */,
				5B001F031F9751160055870A /* cs */,
			);
			name = Localizable.strings;
			sourceTree = "<group>";
		};
		5B1694801FBD843A000A2B9D /* addSimulatorRecord.storyboard */ = {
			isa = PBXVariantGroup;
			children = (
				5B1694811FBD843A000A2B9D /* Base */,
			);
			name = addSimulatorRecord.storyboard;
			sourceTree = "<group>";
		};
		5B1694891FBD928C000A2B9D /* note.storyboard */ = {
			isa = PBXVariantGroup;
			children = (
				5B16948A1FBD928C000A2B9D /* Base */,
			);
			name = note.storyboard;
			sourceTree = "<group>";
		};
		5B279BAF1FAB441500090D7B /* planes.storyboard */ = {
			isa = PBXVariantGroup;
			children = (
				5B279BB01FAB441500090D7B /* Base */,
			);
			name = planes.storyboard;
			sourceTree = "<group>";
		};
		5B7309591F8015F70026152E /* Main.storyboard */ = {
			isa = PBXVariantGroup;
			children = (
				5B73095A1F8015F70026152E /* Base */,
				5B001F0D1F9768A40055870A /* cs */,
			);
			name = Main.storyboard;
			sourceTree = "<group>";
		};
		5B73095E1F8015F70026152E /* LaunchScreen.storyboard */ = {
			isa = PBXVariantGroup;
			children = (
				5B73095F1F8015F70026152E /* Base */,
				5B001EFA1F9749AB0055870A /* cs */,
			);
			name = LaunchScreen.storyboard;
			sourceTree = "<group>";
		};
		5B7ACA041FD930DB001AAEC4 /* limits.storyboard */ = {
			isa = PBXVariantGroup;
			children = (
				5B7ACA051FD930DB001AAEC4 /* Base */,
			);
			name = limits.storyboard;
			sourceTree = "<group>";
		};
		5B7F4B1F1FDA90C700A435AE /* medicalCertificates.storyboard */ = {
			isa = PBXVariantGroup;
			children = (
				5B7F4B201FDA90C700A435AE /* Base */,
			);
			name = medicalCertificates.storyboard;
			sourceTree = "<group>";
		};
		5BCDC1F82015D6E0006D7966 /* statistics.storyboard */ = {
			isa = PBXVariantGroup;
			children = (
				5BCDC1F92015D6E0006D7966 /* Base */,
			);
			name = statistics.storyboard;
			sourceTree = "<group>";
		};
		5BD6DC4A1FC81BB200140F34 /* search.storyboard */ = {
			isa = PBXVariantGroup;
			children = (
				5BD6DC4B1FC81BB200140F34 /* Base */,
			);
			name = search.storyboard;
			sourceTree = "<group>";
		};
		5BECAE021F98BEE600A3EA49 /* addFlightRecord.storyboard */ = {
			isa = PBXVariantGroup;
			children = (
				5BECAE031F98BEE600A3EA49 /* Base */,
				5BF695441FD0098A00D6B9CA /* cs */,
			);
			name = addFlightRecord.storyboard;
			sourceTree = "<group>";
		};
		5BF695401FCFF81900D6B9CA /* profile.storyboard */ = {
			isa = PBXVariantGroup;
			children = (
				5BF695411FCFF81900D6B9CA /* Base */,
			);
			name = profile.storyboard;
			sourceTree = "<group>";
		};
/* End PBXVariantGroup section */

/* Begin XCBuildConfiguration section */
		5B73096D1F8015F70026152E /* Debug */ = {
			isa = XCBuildConfiguration;
			buildSettings = {
				ALWAYS_SEARCH_USER_PATHS = NO;
				CLANG_ANALYZER_LOCALIZABILITY_NONLOCALIZED = YES;
				CLANG_ANALYZER_NONNULL = YES;
				CLANG_ANALYZER_NUMBER_OBJECT_CONVERSION = YES_AGGRESSIVE;
				CLANG_CXX_LANGUAGE_STANDARD = "gnu++14";
				CLANG_CXX_LIBRARY = "libc++";
				CLANG_ENABLE_MODULES = YES;
				CLANG_ENABLE_OBJC_ARC = YES;
				CLANG_WARN_BLOCK_CAPTURE_AUTORELEASING = YES;
				CLANG_WARN_BOOL_CONVERSION = YES;
				CLANG_WARN_COMMA = YES;
				CLANG_WARN_CONSTANT_CONVERSION = YES;
				CLANG_WARN_DIRECT_OBJC_ISA_USAGE = YES_ERROR;
				CLANG_WARN_DOCUMENTATION_COMMENTS = YES;
				CLANG_WARN_EMPTY_BODY = YES;
				CLANG_WARN_ENUM_CONVERSION = YES;
				CLANG_WARN_INFINITE_RECURSION = YES;
				CLANG_WARN_INT_CONVERSION = YES;
				CLANG_WARN_NON_LITERAL_NULL_CONVERSION = YES;
				CLANG_WARN_OBJC_LITERAL_CONVERSION = YES;
				CLANG_WARN_OBJC_ROOT_CLASS = YES_ERROR;
				CLANG_WARN_RANGE_LOOP_ANALYSIS = YES;
				CLANG_WARN_STRICT_PROTOTYPES = YES;
				CLANG_WARN_SUSPICIOUS_MOVE = YES;
				CLANG_WARN_UNGUARDED_AVAILABILITY = YES_AGGRESSIVE;
				CLANG_WARN_UNREACHABLE_CODE = YES;
				CLANG_WARN__DUPLICATE_METHOD_MATCH = YES;
				CODE_SIGN_IDENTITY = "iPhone Developer";
				COPY_PHASE_STRIP = NO;
				DEBUG_INFORMATION_FORMAT = dwarf;
				ENABLE_STRICT_OBJC_MSGSEND = YES;
				ENABLE_TESTABILITY = YES;
				GCC_C_LANGUAGE_STANDARD = gnu11;
				GCC_DYNAMIC_NO_PIC = NO;
				GCC_NO_COMMON_BLOCKS = YES;
				GCC_OPTIMIZATION_LEVEL = 0;
				GCC_PREPROCESSOR_DEFINITIONS = (
					"DEBUG=1",
					"$(inherited)",
				);
				GCC_WARN_64_TO_32_BIT_CONVERSION = YES;
				GCC_WARN_ABOUT_RETURN_TYPE = YES_ERROR;
				GCC_WARN_UNDECLARED_SELECTOR = YES;
				GCC_WARN_UNINITIALIZED_AUTOS = YES_AGGRESSIVE;
				GCC_WARN_UNUSED_FUNCTION = YES;
				GCC_WARN_UNUSED_VARIABLE = YES;
				IPHONEOS_DEPLOYMENT_TARGET = 11.0;
				MTL_ENABLE_DEBUG_INFO = YES;
				ONLY_ACTIVE_ARCH = YES;
				SDKROOT = iphoneos;
				SWIFT_ACTIVE_COMPILATION_CONDITIONS = DEBUG;
				SWIFT_OPTIMIZATION_LEVEL = "-Onone";
			};
			name = Debug;
		};
		5B73096E1F8015F70026152E /* Release */ = {
			isa = XCBuildConfiguration;
			buildSettings = {
				ALWAYS_SEARCH_USER_PATHS = NO;
				CLANG_ANALYZER_LOCALIZABILITY_NONLOCALIZED = YES;
				CLANG_ANALYZER_NONNULL = YES;
				CLANG_ANALYZER_NUMBER_OBJECT_CONVERSION = YES_AGGRESSIVE;
				CLANG_CXX_LANGUAGE_STANDARD = "gnu++14";
				CLANG_CXX_LIBRARY = "libc++";
				CLANG_ENABLE_MODULES = YES;
				CLANG_ENABLE_OBJC_ARC = YES;
				CLANG_WARN_BLOCK_CAPTURE_AUTORELEASING = YES;
				CLANG_WARN_BOOL_CONVERSION = YES;
				CLANG_WARN_COMMA = YES;
				CLANG_WARN_CONSTANT_CONVERSION = YES;
				CLANG_WARN_DIRECT_OBJC_ISA_USAGE = YES_ERROR;
				CLANG_WARN_DOCUMENTATION_COMMENTS = YES;
				CLANG_WARN_EMPTY_BODY = YES;
				CLANG_WARN_ENUM_CONVERSION = YES;
				CLANG_WARN_INFINITE_RECURSION = YES;
				CLANG_WARN_INT_CONVERSION = YES;
				CLANG_WARN_NON_LITERAL_NULL_CONVERSION = YES;
				CLANG_WARN_OBJC_LITERAL_CONVERSION = YES;
				CLANG_WARN_OBJC_ROOT_CLASS = YES_ERROR;
				CLANG_WARN_RANGE_LOOP_ANALYSIS = YES;
				CLANG_WARN_STRICT_PROTOTYPES = YES;
				CLANG_WARN_SUSPICIOUS_MOVE = YES;
				CLANG_WARN_UNGUARDED_AVAILABILITY = YES_AGGRESSIVE;
				CLANG_WARN_UNREACHABLE_CODE = YES;
				CLANG_WARN__DUPLICATE_METHOD_MATCH = YES;
				CODE_SIGN_IDENTITY = "iPhone Developer";
				COPY_PHASE_STRIP = NO;
				DEBUG_INFORMATION_FORMAT = "dwarf-with-dsym";
				ENABLE_NS_ASSERTIONS = NO;
				ENABLE_STRICT_OBJC_MSGSEND = YES;
				GCC_C_LANGUAGE_STANDARD = gnu11;
				GCC_NO_COMMON_BLOCKS = YES;
				GCC_WARN_64_TO_32_BIT_CONVERSION = YES;
				GCC_WARN_ABOUT_RETURN_TYPE = YES_ERROR;
				GCC_WARN_UNDECLARED_SELECTOR = YES;
				GCC_WARN_UNINITIALIZED_AUTOS = YES_AGGRESSIVE;
				GCC_WARN_UNUSED_FUNCTION = YES;
				GCC_WARN_UNUSED_VARIABLE = YES;
				IPHONEOS_DEPLOYMENT_TARGET = 11.0;
				MTL_ENABLE_DEBUG_INFO = NO;
				SDKROOT = iphoneos;
				SWIFT_OPTIMIZATION_LEVEL = "-Owholemodule";
				VALIDATE_PRODUCT = YES;
			};
			name = Release;
		};
		5B7309701F8015F70026152E /* Debug */ = {
			isa = XCBuildConfiguration;
			buildSettings = {
				ASSETCATALOG_COMPILER_APPICON_NAME = AppIcon;
				CODE_SIGN_ENTITLEMENTS = FlightRecords/FlightRecords.entitlements;
				CODE_SIGN_STYLE = Automatic;
				DEVELOPMENT_TEAM = 7UDZD4GYB9;
				FRAMEWORK_SEARCH_PATHS = (
					"$(inherited)",
					"$(PROJECT_DIR)/Carthage/Build/iOS",
					"$(PROJECT_DIR)/Realm",
				);
				INFOPLIST_FILE = FlightRecords/Info.plist;
				LD_RUNPATH_SEARCH_PATHS = "$(inherited) @executable_path/Frameworks";
				PRODUCT_BUNDLE_IDENTIFIER = development.FlightRecords;
				PRODUCT_NAME = "$(TARGET_NAME)";
				SWIFT_VERSION = 4.0;
				TARGETED_DEVICE_FAMILY = "1,2";
			};
			name = Debug;
		};
		5B7309711F8015F70026152E /* Release */ = {
			isa = XCBuildConfiguration;
			buildSettings = {
				ASSETCATALOG_COMPILER_APPICON_NAME = AppIcon;
				CODE_SIGN_ENTITLEMENTS = FlightRecords/FlightRecords.entitlements;
				CODE_SIGN_STYLE = Automatic;
				DEVELOPMENT_TEAM = 7UDZD4GYB9;
				FRAMEWORK_SEARCH_PATHS = (
					"$(inherited)",
					"$(PROJECT_DIR)/Carthage/Build/iOS",
					"$(PROJECT_DIR)/Realm",
				);
				INFOPLIST_FILE = FlightRecords/Info.plist;
				LD_RUNPATH_SEARCH_PATHS = "$(inherited) @executable_path/Frameworks";
				PRODUCT_BUNDLE_IDENTIFIER = development.FlightRecords;
				PRODUCT_NAME = "$(TARGET_NAME)";
				SWIFT_VERSION = 4.0;
				TARGETED_DEVICE_FAMILY = "1,2";
			};
			name = Release;
		};
		5B7309731F8015F70026152E /* Debug */ = {
			isa = XCBuildConfiguration;
			buildSettings = {
				ALWAYS_EMBED_SWIFT_STANDARD_LIBRARIES = YES;
				BUNDLE_LOADER = "$(TEST_HOST)";
				CODE_SIGN_STYLE = Automatic;
				DEVELOPMENT_TEAM = 7UDZD4GYB9;
				FRAMEWORK_SEARCH_PATHS = (
					"$(inherited)",
					"$(PROJECT_DIR)/Realm",
					"$(PROJECT_DIR)/Carthage/Build/iOS",
				);
				INFOPLIST_FILE = FlightRecordsTests/Info.plist;
				LD_RUNPATH_SEARCH_PATHS = "$(inherited) @executable_path/Frameworks @loader_path/Frameworks";
				PRODUCT_BUNDLE_IDENTIFIER = personal.FlightRecordsTests;
				PRODUCT_NAME = "$(TARGET_NAME)";
				SWIFT_VERSION = 4.0;
				TARGETED_DEVICE_FAMILY = "1,2";
				TEST_HOST = "$(BUILT_PRODUCTS_DIR)/FlightRecords.app/FlightRecords";
			};
			name = Debug;
		};
		5B7309741F8015F70026152E /* Release */ = {
			isa = XCBuildConfiguration;
			buildSettings = {
				ALWAYS_EMBED_SWIFT_STANDARD_LIBRARIES = YES;
				BUNDLE_LOADER = "$(TEST_HOST)";
				CODE_SIGN_STYLE = Automatic;
				DEVELOPMENT_TEAM = 7UDZD4GYB9;
				FRAMEWORK_SEARCH_PATHS = (
					"$(inherited)",
					"$(PROJECT_DIR)/Realm",
					"$(PROJECT_DIR)/Carthage/Build/iOS",
				);
				INFOPLIST_FILE = FlightRecordsTests/Info.plist;
				LD_RUNPATH_SEARCH_PATHS = "$(inherited) @executable_path/Frameworks @loader_path/Frameworks";
				PRODUCT_BUNDLE_IDENTIFIER = personal.FlightRecordsTests;
				PRODUCT_NAME = "$(TARGET_NAME)";
				SWIFT_VERSION = 4.0;
				TARGETED_DEVICE_FAMILY = "1,2";
				TEST_HOST = "$(BUILT_PRODUCTS_DIR)/FlightRecords.app/FlightRecords";
			};
			name = Release;
		};
/* End XCBuildConfiguration section */

/* Begin XCConfigurationList section */
		5B73094D1F8015F70026152E /* Build configuration list for PBXProject "FlightRecords" */ = {
			isa = XCConfigurationList;
			buildConfigurations = (
				5B73096D1F8015F70026152E /* Debug */,
				5B73096E1F8015F70026152E /* Release */,
			);
			defaultConfigurationIsVisible = 0;
			defaultConfigurationName = Release;
		};
		5B73096F1F8015F70026152E /* Build configuration list for PBXNativeTarget "FlightRecords" */ = {
			isa = XCConfigurationList;
			buildConfigurations = (
				5B7309701F8015F70026152E /* Debug */,
				5B7309711F8015F70026152E /* Release */,
			);
			defaultConfigurationIsVisible = 0;
			defaultConfigurationName = Release;
		};
		5B7309721F8015F70026152E /* Build configuration list for PBXNativeTarget "FlightRecordsTests" */ = {
			isa = XCConfigurationList;
			buildConfigurations = (
				5B7309731F8015F70026152E /* Debug */,
				5B7309741F8015F70026152E /* Release */,
			);
			defaultConfigurationIsVisible = 0;
			defaultConfigurationName = Release;
		};
/* End XCConfigurationList section */
	};
	rootObject = 5B73094A1F8015F70026152E /* Project object */;
}
